
Microsoft Visual Studio Solution File, Format Version 12.00
# Visual Studio Version 17
VisualStudioVersion = 17.2.32630.192
MinimumVisualStudioVersion = 10.0.40219.1
Project("{9A19103F-16F7-4668-BE54-9A1E7A4F7556}") = "R5T.L0066", "R5T.L0066\R5T.L0066.csproj", "{6BAEAB7F-9A19-4C66-B01F-282DC0C5B063}"
EndProject
Project("{2150E333-8FDC-42A3-9474-1A3956D46DE8}") = "_Dependencies", "_Dependencies", "{FB2DF6DB-42D0-4F15-A56B-2BD501F3F0DE}"
EndProject
Project("{9A19103F-16F7-4668-BE54-9A1E7A4F7556}") = "R5T.T0131", "..\..\R5T.T0131\source\R5T.T0131\R5T.T0131.csproj", "{24EA582D-E1C8-4CDF-BBE5-C533A77CC351}"
EndProject
Project("{9A19103F-16F7-4668-BE54-9A1E7A4F7556}") = "R5T.T0132", "..\..\R5T.T0132\source\R5T.T0132\R5T.T0132.csproj", "{F6C3A52E-9464-4436-B7BB-8CC7189CE241}"
EndProject
Project("{9A19103F-16F7-4668-BE54-9A1E7A4F7556}") = "R5T.T0142", "..\..\R5T.T0142\source\R5T.T0142\R5T.T0142.csproj", "{21EC0499-AB7E-4FF6-ADB3-D57C74387138}"
EndProject
Project("{9A19103F-16F7-4668-BE54-9A1E7A4F7556}") = "R5T.T0143", "..\..\R5T.T0143\source\R5T.T0143\R5T.T0143.csproj", "{08A5D017-604B-48C7-9459-04DA0BE13B66}"
EndProject
Project("{9A19103F-16F7-4668-BE54-9A1E7A4F7556}") = "R5T.T0156", "..\..\R5T.T0156\source\R5T.T0156\R5T.T0156.csproj", "{89A47E04-5256-4235-AC21-53CA2D320B8F}"
EndProject
Project("{9A19103F-16F7-4668-BE54-9A1E7A4F7556}") = "R5T.T0241", "..\..\R5T.T0241\source\R5T.T0241\R5T.T0241.csproj", "{DF7EE87D-587B-420C-AFB8-869A3FE978E4}"
EndProject
Project("{9A19103F-16F7-4668-BE54-9A1E7A4F7556}") = "R5T.Y0006", "..\..\R5T.Y0006\source\R5T.Y0006\R5T.Y0006.csproj", "{9D8A3A1B-B54E-4E94-9A8D-284C2F0D61BE}"
EndProject
Global
	GlobalSection(NestedProjects) = preSolution
		{24EA582D-E1C8-4CDF-BBE5-C533A77CC351} = {FB2DF6DB-42D0-4F15-A56B-2BD501F3F0DE}
		{F6C3A52E-9464-4436-B7BB-8CC7189CE241} = {FB2DF6DB-42D0-4F15-A56B-2BD501F3F0DE}
		{21EC0499-AB7E-4FF6-ADB3-D57C74387138} = {FB2DF6DB-42D0-4F15-A56B-2BD501F3F0DE}
		{08A5D017-604B-48C7-9459-04DA0BE13B66} = {FB2DF6DB-42D0-4F15-A56B-2BD501F3F0DE}
		{89A47E04-5256-4235-AC21-53CA2D320B8F} = {FB2DF6DB-42D0-4F15-A56B-2BD501F3F0DE}
		{DF7EE87D-587B-420C-AFB8-869A3FE978E4} = {FB2DF6DB-42D0-4F15-A56B-2BD501F3F0DE}
		{9D8A3A1B-B54E-4E94-9A8D-284C2F0D61BE} = {FB2DF6DB-42D0-4F15-A56B-2BD501F3F0DE}
	EndGlobalSection
	GlobalSection(SolutionConfigurationPlatforms) = preSolution
		Debug|Any CPU = Debug|Any CPU
		Release|Any CPU = Release|Any CPU
	EndGlobalSection
	GlobalSection(ProjectConfigurationPlatforms) = postSolution
		{6BAEAB7F-9A19-4C66-B01F-282DC0C5B063}.Debug|Any CPU.ActiveCfg = Debug|Any CPU
		{6BAEAB7F-9A19-4C66-B01F-282DC0C5B063}.Debug|Any CPU.Build.0 = Debug|Any CPU
		{6BAEAB7F-9A19-4C66-B01F-282DC0C5B063}.Release|Any CPU.ActiveCfg = Release|Any CPU
		{6BAEAB7F-9A19-4C66-B01F-282DC0C5B063}.Release|Any CPU.Build.0 = Release|Any CPU
		{24EA582D-E1C8-4CDF-BBE5-C533A77CC351}.Debug|Any CPU.ActiveCfg = Debug|Any CPU
		{24EA582D-E1C8-4CDF-BBE5-C533A77CC351}.Debug|Any CPU.Build.0 = Debug|Any CPU
		{24EA582D-E1C8-4CDF-BBE5-C533A77CC351}.Release|Any CPU.ActiveCfg = Release|Any CPU
		{24EA582D-E1C8-4CDF-BBE5-C533A77CC351}.Release|Any CPU.Build.0 = Release|Any CPU
		{F6C3A52E-9464-4436-B7BB-8CC7189CE241}.Debug|Any CPU.ActiveCfg = Debug|Any CPU
		{F6C3A52E-9464-4436-B7BB-8CC7189CE241}.Debug|Any CPU.Build.0 = Debug|Any CPU
		{F6C3A52E-9464-4436-B7BB-8CC7189CE241}.Release|Any CPU.ActiveCfg = Release|Any CPU
		{F6C3A52E-9464-4436-B7BB-8CC7189CE241}.Release|Any CPU.Build.0 = Release|Any CPU
		{21EC0499-AB7E-4FF6-ADB3-D57C74387138}.Debug|Any CPU.ActiveCfg = Debug|Any CPU
		{21EC0499-AB7E-4FF6-ADB3-D57C74387138}.Debug|Any CPU.Build.0 = Debug|Any CPU
		{21EC0499-AB7E-4FF6-ADB3-D57C74387138}.Release|Any CPU.ActiveCfg = Release|Any CPU
		{21EC0499-AB7E-4FF6-ADB3-D57C74387138}.Release|Any CPU.Build.0 = Release|Any CPU
		{08A5D017-604B-48C7-9459-04DA0BE13B66}.Debug|Any CPU.ActiveCfg = Debug|Any CPU
		{08A5D017-604B-48C7-9459-04DA0BE13B66}.Debug|Any CPU.Build.0 = Debug|Any CPU
		{08A5D017-604B-48C7-9459-04DA0BE13B66}.Release|Any CPU.ActiveCfg = Release|Any CPU
		{08A5D017-604B-48C7-9459-04DA0BE13B66}.Release|Any CPU.Build.0 = Release|Any CPU
		{89A47E04-5256-4235-AC21-53CA2D320B8F}.Debug|Any CPU.ActiveCfg = Debug|Any CPU
		{89A47E04-5256-4235-AC21-53CA2D320B8F}.Debug|Any CPU.Build.0 = Debug|Any CPU
		{89A47E04-5256-4235-AC21-53CA2D320B8F}.Release|Any CPU.ActiveCfg = Release|Any CPU
		{89A47E04-5256-4235-AC21-53CA2D320B8F}.Release|Any CPU.Build.0 = Release|Any CPU
		{DF7EE87D-587B-420C-AFB8-869A3FE978E4}.Debug|Any CPU.ActiveCfg = Debug|Any CPU
		{DF7EE87D-587B-420C-AFB8-869A3FE978E4}.Debug|Any CPU.Build.0 = Debug|Any CPU
		{DF7EE87D-587B-420C-AFB8-869A3FE978E4}.Release|Any CPU.ActiveCfg = Release|Any CPU
		{DF7EE87D-587B-420C-AFB8-869A3FE978E4}.Release|Any CPU.Build.0 = Release|Any CPU
		{9D8A3A1B-B54E-4E94-9A8D-284C2F0D61BE}.Debug|Any CPU.ActiveCfg = Debug|Any CPU
		{9D8A3A1B-B54E-4E94-9A8D-284C2F0D61BE}.Debug|Any CPU.Build.0 = Debug|Any CPU
		{9D8A3A1B-B54E-4E94-9A8D-284C2F0D61BE}.Release|Any CPU.ActiveCfg = Release|Any CPU
		{9D8A3A1B-B54E-4E94-9A8D-284C2F0D61BE}.Release|Any CPU.Build.0 = Release|Any CPU
	EndGlobalSection
	GlobalSection(SolutionProperties) = preSolution
		HideSolutionNode = FALSE
	EndGlobalSection
	GlobalSection(ExtensibilityGlobals) = postSolution
		SolutionGuid = {D70B8D92-D7DB-4416-823B-2FBE328AB234}
	EndGlobalSection
EndGlobal
