
Microsoft Visual Studio Solution File, Format Version 12.00
# Visual Studio Version 17
VisualStudioVersion = 17.2.32630.192
MinimumVisualStudioVersion = 10.0.40219.1
Project("{9A19103F-16F7-4668-BE54-9A1E7A4F7556}") = "R5T.L0066.Construction", "R5T.L0066.Construction\R5T.L0066.Construction.csproj", "{F84BFF01-3EE6-4A01-A226-0188DA0A6C47}"
EndProject
Project("{9A19103F-16F7-4668-BE54-9A1E7A4F7556}") = "R5T.L0066", "R5T.L0066\R5T.L0066.csproj", "{6114AABD-8CC4-4535-838F-C07B13DD48D3}"
EndProject
Project("{9A19103F-16F7-4668-BE54-9A1E7A4F7556}") = "R5T.L0066.V000", "R5T.L0066.V000/R5T.L0066.V000.csproj", "{6680D369-4AE3-4EF5-9291-9152CEF7F3DF}"
EndProject
Project("{2150E333-8FDC-42A3-9474-1A3956D46DE8}") = "_Dependencies", "_Dependencies", "{97089B0E-A692-439F-BC5C-FAEADEA4F435}"
EndProject
Project("{9A19103F-16F7-4668-BE54-9A1E7A4F7556}") = "R5T.F0000", "../../R5T.F0000/source/R5T.F0000/R5T.F0000.csproj", "{9E00276A-B15E-4CF3-AD18-499117225192}"
EndProject
Project("{9A19103F-16F7-4668-BE54-9A1E7A4F7556}") = "R5T.F0002", "../../R5T.F0002/source/R5T.F0002/R5T.F0002.csproj", "{7B5F1902-F84E-474F-BB92-7DC3DA67E941}"
EndProject
Project("{9A19103F-16F7-4668-BE54-9A1E7A4F7556}") = "R5T.F0059", "../../R5T.F0059/source/R5T.F0059/R5T.F0059.csproj", "{68697B89-52E4-4D8D-9B64-F2B86790DD0E}"
EndProject
Project("{9A19103F-16F7-4668-BE54-9A1E7A4F7556}") = "R5T.F0120", "../../R5T.F0120/source/R5T.F0120/R5T.F0120.csproj", "{14080072-2231-4280-8CD9-6E61AFEA0AA0}"
EndProject
Project("{9A19103F-16F7-4668-BE54-9A1E7A4F7556}") = "R5T.F0124", "../../R5T.F0124/source/R5T.F0124/R5T.F0124.csproj", "{E12F09CE-BDC0-4FFB-B04D-64CFC5351ADB}"
EndProject
Project("{9A19103F-16F7-4668-BE54-9A1E7A4F7556}") = "R5T.F0125", "../../R5T.F0125/source/R5T.F0125/R5T.F0125.csproj", "{6FC0A0ED-EF97-4B19-AAAF-3D0EE4C1DE5F}"
EndProject
Project("{9A19103F-16F7-4668-BE54-9A1E7A4F7556}") = "R5T.L0030.T000", "../../R5T.L0030/source/R5T.L0030.T000/R5T.L0030.T000.csproj", "{18F6C9CD-6FE8-493A-B25D-4DE7D2C1235D}"
EndProject
Project("{9A19103F-16F7-4668-BE54-9A1E7A4F7556}") = "R5T.L0030", "../../R5T.L0030/source/R5T.L0030/R5T.L0030.csproj", "{96CA04DF-8ECD-4EA1-8D92-CE39FC14280E}"
EndProject
Project("{9A19103F-16F7-4668-BE54-9A1E7A4F7556}") = "R5T.L0034", "../../R5T.L0034/source/R5T.L0034/R5T.L0034.csproj", "{A2E8C7D9-CE69-48B1-8912-BEB1657B171E}"
EndProject
Project("{9A19103F-16F7-4668-BE54-9A1E7A4F7556}") = "R5T.L0035", "../../R5T.L0035/source/R5T.L0035/R5T.L0035.csproj", "{6B77E5B2-FB32-4B08-9A06-5A1BF2AE7067}"
EndProject
Project("{9A19103F-16F7-4668-BE54-9A1E7A4F7556}") = "R5T.L0053", "../../R5T.L0053/source/R5T.L0053/R5T.L0053.csproj", "{6CD59B0A-9277-4824-BE38-859939BC7AD2}"
EndProject
Project("{9A19103F-16F7-4668-BE54-9A1E7A4F7556}") = "R5T.L0056", "../../R5T.L0056/source/R5T.L0056/R5T.L0056.csproj", "{52652C08-4584-4974-9DE2-A77C777F95E4}"
EndProject
Project("{9A19103F-16F7-4668-BE54-9A1E7A4F7556}") = "R5T.L0071", "../../R5T.L0071/source/R5T.L0071/R5T.L0071.csproj", "{269AA080-4D75-4EF4-8F57-860DB4837F7C}"
EndProject
Project("{9A19103F-16F7-4668-BE54-9A1E7A4F7556}") = "R5T.L0074", "../../R5T.L0074/source/R5T.L0074/R5T.L0074.csproj", "{DC39F1A3-F49B-4AFD-A373-4A8DE46D0D62}"
EndProject
Project("{9A19103F-16F7-4668-BE54-9A1E7A4F7556}") = "R5T.NG0006", "../../R5T.NG0006/source/R5T.NG0006/R5T.NG0006.csproj", "{CFB7847A-A77F-49CD-A0FB-CF28B31B4DE1}"
EndProject
Project("{9A19103F-16F7-4668-BE54-9A1E7A4F7556}") = "R5T.NG0022", "../../R5T.NG0022/source/R5T.NG0022/R5T.NG0022.csproj", "{18FD7D2D-EC5A-4312-8A02-5C87ED964C48}"
EndProject
Project("{9A19103F-16F7-4668-BE54-9A1E7A4F7556}") = "R5T.T0131", "../../R5T.T0131/source/R5T.T0131/R5T.T0131.csproj", "{D28F05FA-222F-4999-8344-8346239086B6}"
EndProject
Project("{9A19103F-16F7-4668-BE54-9A1E7A4F7556}") = "R5T.T0132", "../../R5T.T0132/source/R5T.T0132/R5T.T0132.csproj", "{7D2B57F0-D357-438E-A887-38C152421A63}"
EndProject
Project("{9A19103F-16F7-4668-BE54-9A1E7A4F7556}") = "R5T.T0142", "../../R5T.T0142/source/R5T.T0142/R5T.T0142.csproj", "{509D4090-2E26-45E4-987E-AB9A4BABC638}"
EndProject
Project("{9A19103F-16F7-4668-BE54-9A1E7A4F7556}") = "R5T.T0143", "../../R5T.T0143/source/R5T.T0143/R5T.T0143.csproj", "{C3FDFD60-613E-422C-A9FC-42D272EF80E2}"
EndProject
Project("{9A19103F-16F7-4668-BE54-9A1E7A4F7556}") = "R5T.T0150", "../../R5T.T0150/source/R5T.T0150/R5T.T0150.csproj", "{C26B6891-1BCB-476A-822C-193F80EC8B46}"
EndProject
Project("{9A19103F-16F7-4668-BE54-9A1E7A4F7556}") = "R5T.T0151", "../../R5T.T0151/source/R5T.T0151/R5T.T0151.csproj", "{8B032A8D-AC20-465C-A3F2-4206966B4F67}"
EndProject
Project("{9A19103F-16F7-4668-BE54-9A1E7A4F7556}") = "R5T.T0156", "../../R5T.T0156/source/R5T.T0156/R5T.T0156.csproj", "{2E3D730E-8E38-44AA-81F8-7330A57DD856}"
EndProject
Project("{9A19103F-16F7-4668-BE54-9A1E7A4F7556}") = "R5T.T0158", "../../R5T.T0158/source/R5T.T0158/R5T.T0158.csproj", "{08B3E7AF-47A6-47BB-9BC9-E8F62DC4EC54}"
EndProject
Project("{9A19103F-16F7-4668-BE54-9A1E7A4F7556}") = "R5T.T0159", "../../R5T.T0159/source/R5T.T0159/R5T.T0159.csproj", "{5CE50174-0585-4257-B80D-B6634F480393}"
EndProject
Project("{9A19103F-16F7-4668-BE54-9A1E7A4F7556}") = "R5T.T0172", "../../R5T.T0172/source/R5T.T0172/R5T.T0172.csproj", "{E7ED440E-88D7-4A74-9844-5E49EF0EF543}"
EndProject
Project("{9A19103F-16F7-4668-BE54-9A1E7A4F7556}") = "R5T.T0174", "../../R5T.T0174/source/R5T.T0174/R5T.T0174.csproj", "{25C913C2-7054-4972-9A41-64E1DBDC7DCC}"
EndProject
Project("{9A19103F-16F7-4668-BE54-9A1E7A4F7556}") = "R5T.T0176", "../../R5T.T0176/source/R5T.T0176/R5T.T0176.csproj", "{8E7FB39C-D0F1-4E48-916A-9A37D10AD12A}"
EndProject
Project("{9A19103F-16F7-4668-BE54-9A1E7A4F7556}") = "R5T.T0177", "../../R5T.T0177/source/R5T.T0177/R5T.T0177.csproj", "{2E12CB22-585F-4D23-B52C-17FF62B88EE3}"
EndProject
Project("{9A19103F-16F7-4668-BE54-9A1E7A4F7556}") = "R5T.T0178", "../../R5T.T0178/source/R5T.T0178/R5T.T0178.csproj", "{3F659447-BA3B-499D-931D-AD7989C8882D}"
EndProject
Project("{9A19103F-16F7-4668-BE54-9A1E7A4F7556}") = "R5T.T0179", "../../R5T.T0179/source/R5T.T0179/R5T.T0179.csproj", "{B6A158E2-43DD-4D49-9092-7A877231CEC0}"
EndProject
Project("{9A19103F-16F7-4668-BE54-9A1E7A4F7556}") = "R5T.T0180", "../../R5T.T0180/source/R5T.T0180/R5T.T0180.csproj", "{73059F49-C3F4-4EDF-90AE-BFF67C5D828C}"
EndProject
Project("{9A19103F-16F7-4668-BE54-9A1E7A4F7556}") = "R5T.T0181", "../../R5T.T0181/source/R5T.T0181/R5T.T0181.csproj", "{FD9ED64B-5ACB-43D5-9DCA-357CC979DC77}"
EndProject
Project("{9A19103F-16F7-4668-BE54-9A1E7A4F7556}") = "R5T.T0185", "../../R5T.T0185/source/R5T.T0185/R5T.T0185.csproj", "{44FBCF09-C1FE-4B52-A194-E79EC805DC45}"
EndProject
Project("{9A19103F-16F7-4668-BE54-9A1E7A4F7556}") = "R5T.T0199.T000", "../../R5T.T0199/source/R5T.T0199.T000/R5T.T0199.T000.csproj", "{79314685-9179-481B-A92A-211C4BC8A666}"
EndProject
Project("{9A19103F-16F7-4668-BE54-9A1E7A4F7556}") = "R5T.T0199.T001", "../../R5T.T0199/source/R5T.T0199.T001/R5T.T0199.T001.csproj", "{7DDF66C7-C661-4533-9A95-965BB4BF32EF}"
EndProject
Project("{9A19103F-16F7-4668-BE54-9A1E7A4F7556}") = "R5T.T0199", "../../R5T.T0199/source/R5T.T0199/R5T.T0199.csproj", "{5DA65F8B-7120-4E29-81D1-644288E22653}"
EndProject
Project("{9A19103F-16F7-4668-BE54-9A1E7A4F7556}") = "R5T.T0203", "../../R5T.T0203/source/R5T.T0203/R5T.T0203.csproj", "{EA5C42BA-9D64-4002-A07D-70EEC8709DF4}"
EndProject
Project("{9A19103F-16F7-4668-BE54-9A1E7A4F7556}") = "R5T.T0213", "../../R5T.T0213/source/R5T.T0213/R5T.T0213.csproj", "{73A2F600-0E93-4A9C-8F4E-9A0C7CECCDC8}"
EndProject
Project("{9A19103F-16F7-4668-BE54-9A1E7A4F7556}") = "R5T.T0218", "../../R5T.T0218/source/R5T.T0218/R5T.T0218.csproj", "{5D795C78-5FB6-40CA-BC6D-5BC7DDBE8470}"
EndProject
Project("{9A19103F-16F7-4668-BE54-9A1E7A4F7556}") = "R5T.T0219", "../../R5T.T0219/source/R5T.T0219/R5T.T0219.csproj", "{A70B83E8-CAD7-4955-B735-E740466D7D40}"
EndProject
Project("{9A19103F-16F7-4668-BE54-9A1E7A4F7556}") = "R5T.T0220", "../../R5T.T0220/source/R5T.T0220/R5T.T0220.csproj", "{AA81C16F-FE0F-43D8-B98C-CB40EF055D04}"
EndProject
Project("{9A19103F-16F7-4668-BE54-9A1E7A4F7556}") = "R5T.T0221", "../../R5T.T0221/source/R5T.T0221/R5T.T0221.csproj", "{52D917E5-B230-4A5D-9A78-D6209FDCF597}"
EndProject
Project("{9A19103F-16F7-4668-BE54-9A1E7A4F7556}") = "R5T.T0227", "../../R5T.T0227/source/R5T.T0227/R5T.T0227.csproj", "{7004F168-8EBA-481C-A4D6-5241F9233A31}"
EndProject
Project("{9A19103F-16F7-4668-BE54-9A1E7A4F7556}") = "R5T.Y0000", "../../R5T.Y0000/source/R5T.Y0000/R5T.Y0000.csproj", "{F2C79DD4-00D5-493D-B7A7-9E14FCEACB81}"
EndProject
Project("{9A19103F-16F7-4668-BE54-9A1E7A4F7556}") = "R5T.Y0006", "../../R5T.Y0006/source/R5T.Y0006/R5T.Y0006.csproj", "{A12A7B11-5AC9-448D-BD0C-13D2EC39612E}"
EndProject
Project("{9A19103F-16F7-4668-BE54-9A1E7A4F7556}") = "R5T.Z0000", "../../R5T.Z0000/source/R5T.Z0000/R5T.Z0000.csproj", "{EF9DC35C-DB21-4CE3-AF66-773B31A8823A}"
EndProject
Project("{9A19103F-16F7-4668-BE54-9A1E7A4F7556}") = "R5T.Z0010.Platform", "../../R5T.Z0010/source/R5T.Z0010.Platform/R5T.Z0010.Platform.csproj", "{6496D970-3AC2-47BF-AD18-38C33CE8E0B0}"
EndProject
Project("{9A19103F-16F7-4668-BE54-9A1E7A4F7556}") = "R5T.Z0010", "../../R5T.Z0010/source/R5T.Z0010/R5T.Z0010.csproj", "{61DC35EE-1425-40EC-979E-2FE7581D5C55}"
EndProject
Project("{9A19103F-16F7-4668-BE54-9A1E7A4F7556}") = "R5T.Z0057.Platform", "../../R5T.Z0057/source/R5T.Z0057.Platform/R5T.Z0057.Platform.csproj", "{21507D7F-B1C7-4F34-9A66-1ED223A8A334}"
EndProject
Project("{9A19103F-16F7-4668-BE54-9A1E7A4F7556}") = "R5T.Z0057", "../../R5T.Z0057/source/R5T.Z0057/R5T.Z0057.csproj", "{5B13B6EC-8372-49C1-9567-6DDD4A0C7829}"
EndProject
Project("{9A19103F-16F7-4668-BE54-9A1E7A4F7556}") = "R5T.Z0058", "../../R5T.Z0058/source/R5T.Z0058/R5T.Z0058.csproj", "{EEDBF9C9-68AA-4BF9-B5B0-F23F48B3310F}"
EndProject
Project("{9A19103F-16F7-4668-BE54-9A1E7A4F7556}") = "R5T.NG0017", "..\..\R5T.NG0017\source\R5T.NG0017\R5T.NG0017.csproj", "{D5896CCA-4402-4C45-9381-116988B4E2BB}"
EndProject
Project("{9A19103F-16F7-4668-BE54-9A1E7A4F7556}") = "R5T.V0002", "..\..\R5T.V0002\source\R5T.V0002\R5T.V0002.csproj", "{0E789E7A-C46B-47C5-9AE8-EE3CC2561E94}"
EndProject
Project("{9A19103F-16F7-4668-BE54-9A1E7A4F7556}") = "R5T.L0087.F000", "..\..\R5T.L0087\source\R5T.L0087.F000\R5T.L0087.F000.csproj", "{5F05DC64-A10B-42F4-989B-D4F8B892D185}"
EndProject
Project("{9A19103F-16F7-4668-BE54-9A1E7A4F7556}") = "R5T.L0087.F001", "..\..\R5T.L0087\source\R5T.L0087.F001\R5T.L0087.F001.csproj", "{178D3211-2A33-462A-B1E9-6FB4A7FAF276}"
EndProject
Project("{9A19103F-16F7-4668-BE54-9A1E7A4F7556}") = "R5T.L0087.T000", "..\..\R5T.L0087\source\R5T.L0087.T000\R5T.L0087.T000.csproj", "{5765DDBD-7320-4FB3-ABD2-B8CCD1DB3D39}"
EndProject
Project("{9A19103F-16F7-4668-BE54-9A1E7A4F7556}") = "R5T.L0087", "..\..\R5T.L0087\source\R5T.L0087\R5T.L0087.csproj", "{1E2C44B6-3073-468B-8A3D-A0C64A8B9945}"
EndProject
Project("{9A19103F-16F7-4668-BE54-9A1E7A4F7556}") = "R5T.L0088.F001", "..\..\R5T.L0088\source\R5T.L0088.F001\R5T.L0088.F001.csproj", "{8327784C-D22A-40D0-B24B-E426876B6FC1}"
EndProject
Project("{9A19103F-16F7-4668-BE54-9A1E7A4F7556}") = "R5T.L0088.F002", "..\..\R5T.L0088\source\R5T.L0088.F002\R5T.L0088.F002.csproj", "{9654AA45-65CB-45CF-A13C-95202D054A7D}"
EndProject
Project("{9A19103F-16F7-4668-BE54-9A1E7A4F7556}") = "R5T.L0088", "..\..\R5T.L0088\source\R5T.L0088\R5T.L0088.csproj", "{BA34D9BA-C91D-4473-9720-EDB5A8E0434F}"
EndProject
Project("{9A19103F-16F7-4668-BE54-9A1E7A4F7556}") = "R5T.T0239", "..\..\R5T.T0239\source\R5T.T0239\R5T.T0239.csproj", "{64868755-4D9F-4DB5-BD06-75566C8DDDD5}"
EndProject
Project("{9A19103F-16F7-4668-BE54-9A1E7A4F7556}") = "R5T.T0240", "..\..\R5T.T0240\source\R5T.T0240\R5T.T0240.csproj", "{F0EE7400-BB28-471E-8F8C-B4685D1BF1C6}"
EndProject
Project("{9A19103F-16F7-4668-BE54-9A1E7A4F7556}") = "R5T.T0242", "..\..\R5T.T0242\source\R5T.T0242\R5T.T0242.csproj", "{E1C05B23-0AB0-4D0C-8232-C4BC9D0F19B7}"
EndProject
Project("{9A19103F-16F7-4668-BE54-9A1E7A4F7556}") = "R5T.T0243", "..\..\R5T.T0243\source\R5T.T0243\R5T.T0243.csproj", "{742AC025-5B3E-4267-896C-3BD91EEE29F3}"
EndProject
Project("{9A19103F-16F7-4668-BE54-9A1E7A4F7556}") = "R5T.V0002.Z001", "..\..\R5T.V0002\source\R5T.V0002.Z001\R5T.V0002.Z001.csproj", "{9E0B151A-982E-4068-9843-24614260BE9B}"
EndProject
Project("{9A19103F-16F7-4668-BE54-9A1E7A4F7556}") = "R5T.Z0066", "..\..\R5T.Z0066\source\R5T.Z0066\R5T.Z0066.csproj", "{4B80FCC5-EEB0-4823-8158-473E53F2374C}"
EndProject
Project("{9A19103F-16F7-4668-BE54-9A1E7A4F7556}") = "R5T.L0089.F000", "..\..\R5T.L0089\source\R5T.L0089.F000\R5T.L0089.F000.csproj", "{B5998DC9-4B79-420F-BC82-E68AD601AC25}"
EndProject
Project("{9A19103F-16F7-4668-BE54-9A1E7A4F7556}") = "R5T.L0089.T000", "..\..\R5T.L0089\source\R5T.L0089.T000\R5T.L0089.T000.csproj", "{85B05607-DC17-4AA5-B9C5-F8B2261038FE}"
EndProject
Project("{9A19103F-16F7-4668-BE54-9A1E7A4F7556}") = "R5T.L0089", "..\..\R5T.L0089\source\R5T.L0089\R5T.L0089.csproj", "{855C35CA-0615-4320-AC5D-A8AF6974ED5D}"
EndProject
Project("{9A19103F-16F7-4668-BE54-9A1E7A4F7556}") = "R5T.L0090.T000", "..\..\R5T.L0090\source\R5T.L0090.T000\R5T.L0090.T000.csproj", "{85BFFE7D-5781-4E87-A6FF-117A279A0F9B}"
EndProject
Global
	GlobalSection(NestedProjects) = preSolution
		{9E00276A-B15E-4CF3-AD18-499117225192} = {97089B0E-A692-439F-BC5C-FAEADEA4F435}
		{7B5F1902-F84E-474F-BB92-7DC3DA67E941} = {97089B0E-A692-439F-BC5C-FAEADEA4F435}
		{68697B89-52E4-4D8D-9B64-F2B86790DD0E} = {97089B0E-A692-439F-BC5C-FAEADEA4F435}
		{14080072-2231-4280-8CD9-6E61AFEA0AA0} = {97089B0E-A692-439F-BC5C-FAEADEA4F435}
		{E12F09CE-BDC0-4FFB-B04D-64CFC5351ADB} = {97089B0E-A692-439F-BC5C-FAEADEA4F435}
		{6FC0A0ED-EF97-4B19-AAAF-3D0EE4C1DE5F} = {97089B0E-A692-439F-BC5C-FAEADEA4F435}
		{18F6C9CD-6FE8-493A-B25D-4DE7D2C1235D} = {97089B0E-A692-439F-BC5C-FAEADEA4F435}
		{96CA04DF-8ECD-4EA1-8D92-CE39FC14280E} = {97089B0E-A692-439F-BC5C-FAEADEA4F435}
		{A2E8C7D9-CE69-48B1-8912-BEB1657B171E} = {97089B0E-A692-439F-BC5C-FAEADEA4F435}
		{6B77E5B2-FB32-4B08-9A06-5A1BF2AE7067} = {97089B0E-A692-439F-BC5C-FAEADEA4F435}
		{6CD59B0A-9277-4824-BE38-859939BC7AD2} = {97089B0E-A692-439F-BC5C-FAEADEA4F435}
		{52652C08-4584-4974-9DE2-A77C777F95E4} = {97089B0E-A692-439F-BC5C-FAEADEA4F435}
		{269AA080-4D75-4EF4-8F57-860DB4837F7C} = {97089B0E-A692-439F-BC5C-FAEADEA4F435}
		{DC39F1A3-F49B-4AFD-A373-4A8DE46D0D62} = {97089B0E-A692-439F-BC5C-FAEADEA4F435}
		{CFB7847A-A77F-49CD-A0FB-CF28B31B4DE1} = {97089B0E-A692-439F-BC5C-FAEADEA4F435}
		{18FD7D2D-EC5A-4312-8A02-5C87ED964C48} = {97089B0E-A692-439F-BC5C-FAEADEA4F435}
		{D28F05FA-222F-4999-8344-8346239086B6} = {97089B0E-A692-439F-BC5C-FAEADEA4F435}
		{7D2B57F0-D357-438E-A887-38C152421A63} = {97089B0E-A692-439F-BC5C-FAEADEA4F435}
		{509D4090-2E26-45E4-987E-AB9A4BABC638} = {97089B0E-A692-439F-BC5C-FAEADEA4F435}
		{C3FDFD60-613E-422C-A9FC-42D272EF80E2} = {97089B0E-A692-439F-BC5C-FAEADEA4F435}
		{C26B6891-1BCB-476A-822C-193F80EC8B46} = {97089B0E-A692-439F-BC5C-FAEADEA4F435}
		{8B032A8D-AC20-465C-A3F2-4206966B4F67} = {97089B0E-A692-439F-BC5C-FAEADEA4F435}
		{2E3D730E-8E38-44AA-81F8-7330A57DD856} = {97089B0E-A692-439F-BC5C-FAEADEA4F435}
		{08B3E7AF-47A6-47BB-9BC9-E8F62DC4EC54} = {97089B0E-A692-439F-BC5C-FAEADEA4F435}
		{5CE50174-0585-4257-B80D-B6634F480393} = {97089B0E-A692-439F-BC5C-FAEADEA4F435}
		{E7ED440E-88D7-4A74-9844-5E49EF0EF543} = {97089B0E-A692-439F-BC5C-FAEADEA4F435}
		{25C913C2-7054-4972-9A41-64E1DBDC7DCC} = {97089B0E-A692-439F-BC5C-FAEADEA4F435}
		{8E7FB39C-D0F1-4E48-916A-9A37D10AD12A} = {97089B0E-A692-439F-BC5C-FAEADEA4F435}
		{2E12CB22-585F-4D23-B52C-17FF62B88EE3} = {97089B0E-A692-439F-BC5C-FAEADEA4F435}
		{3F659447-BA3B-499D-931D-AD7989C8882D} = {97089B0E-A692-439F-BC5C-FAEADEA4F435}
		{B6A158E2-43DD-4D49-9092-7A877231CEC0} = {97089B0E-A692-439F-BC5C-FAEADEA4F435}
		{73059F49-C3F4-4EDF-90AE-BFF67C5D828C} = {97089B0E-A692-439F-BC5C-FAEADEA4F435}
		{FD9ED64B-5ACB-43D5-9DCA-357CC979DC77} = {97089B0E-A692-439F-BC5C-FAEADEA4F435}
		{44FBCF09-C1FE-4B52-A194-E79EC805DC45} = {97089B0E-A692-439F-BC5C-FAEADEA4F435}
		{79314685-9179-481B-A92A-211C4BC8A666} = {97089B0E-A692-439F-BC5C-FAEADEA4F435}
		{7DDF66C7-C661-4533-9A95-965BB4BF32EF} = {97089B0E-A692-439F-BC5C-FAEADEA4F435}
		{5DA65F8B-7120-4E29-81D1-644288E22653} = {97089B0E-A692-439F-BC5C-FAEADEA4F435}
		{EA5C42BA-9D64-4002-A07D-70EEC8709DF4} = {97089B0E-A692-439F-BC5C-FAEADEA4F435}
		{73A2F600-0E93-4A9C-8F4E-9A0C7CECCDC8} = {97089B0E-A692-439F-BC5C-FAEADEA4F435}
		{5D795C78-5FB6-40CA-BC6D-5BC7DDBE8470} = {97089B0E-A692-439F-BC5C-FAEADEA4F435}
		{A70B83E8-CAD7-4955-B735-E740466D7D40} = {97089B0E-A692-439F-BC5C-FAEADEA4F435}
		{AA81C16F-FE0F-43D8-B98C-CB40EF055D04} = {97089B0E-A692-439F-BC5C-FAEADEA4F435}
		{52D917E5-B230-4A5D-9A78-D6209FDCF597} = {97089B0E-A692-439F-BC5C-FAEADEA4F435}
		{7004F168-8EBA-481C-A4D6-5241F9233A31} = {97089B0E-A692-439F-BC5C-FAEADEA4F435}
		{F2C79DD4-00D5-493D-B7A7-9E14FCEACB81} = {97089B0E-A692-439F-BC5C-FAEADEA4F435}
		{A12A7B11-5AC9-448D-BD0C-13D2EC39612E} = {97089B0E-A692-439F-BC5C-FAEADEA4F435}
		{EF9DC35C-DB21-4CE3-AF66-773B31A8823A} = {97089B0E-A692-439F-BC5C-FAEADEA4F435}
		{6496D970-3AC2-47BF-AD18-38C33CE8E0B0} = {97089B0E-A692-439F-BC5C-FAEADEA4F435}
		{61DC35EE-1425-40EC-979E-2FE7581D5C55} = {97089B0E-A692-439F-BC5C-FAEADEA4F435}
		{21507D7F-B1C7-4F34-9A66-1ED223A8A334} = {97089B0E-A692-439F-BC5C-FAEADEA4F435}
		{5B13B6EC-8372-49C1-9567-6DDD4A0C7829} = {97089B0E-A692-439F-BC5C-FAEADEA4F435}
		{EEDBF9C9-68AA-4BF9-B5B0-F23F48B3310F} = {97089B0E-A692-439F-BC5C-FAEADEA4F435}
		{D5896CCA-4402-4C45-9381-116988B4E2BB} = {97089B0E-A692-439F-BC5C-FAEADEA4F435}
		{0E789E7A-C46B-47C5-9AE8-EE3CC2561E94} = {97089B0E-A692-439F-BC5C-FAEADEA4F435}
		{5F05DC64-A10B-42F4-989B-D4F8B892D185} = {97089B0E-A692-439F-BC5C-FAEADEA4F435}
		{178D3211-2A33-462A-B1E9-6FB4A7FAF276} = {97089B0E-A692-439F-BC5C-FAEADEA4F435}
		{5765DDBD-7320-4FB3-ABD2-B8CCD1DB3D39} = {97089B0E-A692-439F-BC5C-FAEADEA4F435}
		{1E2C44B6-3073-468B-8A3D-A0C64A8B9945} = {97089B0E-A692-439F-BC5C-FAEADEA4F435}
		{8327784C-D22A-40D0-B24B-E426876B6FC1} = {97089B0E-A692-439F-BC5C-FAEADEA4F435}
		{9654AA45-65CB-45CF-A13C-95202D054A7D} = {97089B0E-A692-439F-BC5C-FAEADEA4F435}
		{BA34D9BA-C91D-4473-9720-EDB5A8E0434F} = {97089B0E-A692-439F-BC5C-FAEADEA4F435}
		{64868755-4D9F-4DB5-BD06-75566C8DDDD5} = {97089B0E-A692-439F-BC5C-FAEADEA4F435}
		{F0EE7400-BB28-471E-8F8C-B4685D1BF1C6} = {97089B0E-A692-439F-BC5C-FAEADEA4F435}
		{E1C05B23-0AB0-4D0C-8232-C4BC9D0F19B7} = {97089B0E-A692-439F-BC5C-FAEADEA4F435}
		{742AC025-5B3E-4267-896C-3BD91EEE29F3} = {97089B0E-A692-439F-BC5C-FAEADEA4F435}
		{9E0B151A-982E-4068-9843-24614260BE9B} = {97089B0E-A692-439F-BC5C-FAEADEA4F435}
		{4B80FCC5-EEB0-4823-8158-473E53F2374C} = {97089B0E-A692-439F-BC5C-FAEADEA4F435}
		{B5998DC9-4B79-420F-BC82-E68AD601AC25} = {97089B0E-A692-439F-BC5C-FAEADEA4F435}
		{85B05607-DC17-4AA5-B9C5-F8B2261038FE} = {97089B0E-A692-439F-BC5C-FAEADEA4F435}
		{855C35CA-0615-4320-AC5D-A8AF6974ED5D} = {97089B0E-A692-439F-BC5C-FAEADEA4F435}
		{85BFFE7D-5781-4E87-A6FF-117A279A0F9B} = {97089B0E-A692-439F-BC5C-FAEADEA4F435}
	EndGlobalSection
	GlobalSection(SolutionConfigurationPlatforms) = preSolution
		Debug|Any CPU = Debug|Any CPU
		Release|Any CPU = Release|Any CPU
	EndGlobalSection
	GlobalSection(ProjectConfigurationPlatforms) = postSolution
		{F84BFF01-3EE6-4A01-A226-0188DA0A6C47}.Debug|Any CPU.ActiveCfg = Debug|Any CPU
		{F84BFF01-3EE6-4A01-A226-0188DA0A6C47}.Debug|Any CPU.Build.0 = Debug|Any CPU
		{F84BFF01-3EE6-4A01-A226-0188DA0A6C47}.Release|Any CPU.ActiveCfg = Release|Any CPU
		{F84BFF01-3EE6-4A01-A226-0188DA0A6C47}.Release|Any CPU.Build.0 = Release|Any CPU
		{6114AABD-8CC4-4535-838F-C07B13DD48D3}.Debug|Any CPU.ActiveCfg = Debug|Any CPU
		{6114AABD-8CC4-4535-838F-C07B13DD48D3}.Debug|Any CPU.Build.0 = Debug|Any CPU
		{6114AABD-8CC4-4535-838F-C07B13DD48D3}.Release|Any CPU.ActiveCfg = Release|Any CPU
		{6114AABD-8CC4-4535-838F-C07B13DD48D3}.Release|Any CPU.Build.0 = Release|Any CPU
		{6680D369-4AE3-4EF5-9291-9152CEF7F3DF}.Debug|Any CPU.ActiveCfg = Debug|Any CPU
		{6680D369-4AE3-4EF5-9291-9152CEF7F3DF}.Debug|Any CPU.Build.0 = Debug|Any CPU
		{6680D369-4AE3-4EF5-9291-9152CEF7F3DF}.Release|Any CPU.ActiveCfg = Release|Any CPU
		{6680D369-4AE3-4EF5-9291-9152CEF7F3DF}.Release|Any CPU.Build.0 = Release|Any CPU
		{9E00276A-B15E-4CF3-AD18-499117225192}.Debug|Any CPU.ActiveCfg = Debug|Any CPU
		{9E00276A-B15E-4CF3-AD18-499117225192}.Debug|Any CPU.Build.0 = Debug|Any CPU
		{9E00276A-B15E-4CF3-AD18-499117225192}.Release|Any CPU.ActiveCfg = Release|Any CPU
		{9E00276A-B15E-4CF3-AD18-499117225192}.Release|Any CPU.Build.0 = Release|Any CPU
		{7B5F1902-F84E-474F-BB92-7DC3DA67E941}.Debug|Any CPU.ActiveCfg = Debug|Any CPU
		{7B5F1902-F84E-474F-BB92-7DC3DA67E941}.Debug|Any CPU.Build.0 = Debug|Any CPU
		{7B5F1902-F84E-474F-BB92-7DC3DA67E941}.Release|Any CPU.ActiveCfg = Release|Any CPU
		{7B5F1902-F84E-474F-BB92-7DC3DA67E941}.Release|Any CPU.Build.0 = Release|Any CPU
		{68697B89-52E4-4D8D-9B64-F2B86790DD0E}.Debug|Any CPU.ActiveCfg = Debug|Any CPU
		{68697B89-52E4-4D8D-9B64-F2B86790DD0E}.Debug|Any CPU.Build.0 = Debug|Any CPU
		{68697B89-52E4-4D8D-9B64-F2B86790DD0E}.Release|Any CPU.ActiveCfg = Release|Any CPU
		{68697B89-52E4-4D8D-9B64-F2B86790DD0E}.Release|Any CPU.Build.0 = Release|Any CPU
		{14080072-2231-4280-8CD9-6E61AFEA0AA0}.Debug|Any CPU.ActiveCfg = Debug|Any CPU
		{14080072-2231-4280-8CD9-6E61AFEA0AA0}.Debug|Any CPU.Build.0 = Debug|Any CPU
		{14080072-2231-4280-8CD9-6E61AFEA0AA0}.Release|Any CPU.ActiveCfg = Release|Any CPU
		{14080072-2231-4280-8CD9-6E61AFEA0AA0}.Release|Any CPU.Build.0 = Release|Any CPU
		{E12F09CE-BDC0-4FFB-B04D-64CFC5351ADB}.Debug|Any CPU.ActiveCfg = Debug|Any CPU
		{E12F09CE-BDC0-4FFB-B04D-64CFC5351ADB}.Debug|Any CPU.Build.0 = Debug|Any CPU
		{E12F09CE-BDC0-4FFB-B04D-64CFC5351ADB}.Release|Any CPU.ActiveCfg = Release|Any CPU
		{E12F09CE-BDC0-4FFB-B04D-64CFC5351ADB}.Release|Any CPU.Build.0 = Release|Any CPU
		{6FC0A0ED-EF97-4B19-AAAF-3D0EE4C1DE5F}.Debug|Any CPU.ActiveCfg = Debug|Any CPU
		{6FC0A0ED-EF97-4B19-AAAF-3D0EE4C1DE5F}.Debug|Any CPU.Build.0 = Debug|Any CPU
		{6FC0A0ED-EF97-4B19-AAAF-3D0EE4C1DE5F}.Release|Any CPU.ActiveCfg = Release|Any CPU
		{6FC0A0ED-EF97-4B19-AAAF-3D0EE4C1DE5F}.Release|Any CPU.Build.0 = Release|Any CPU
		{18F6C9CD-6FE8-493A-B25D-4DE7D2C1235D}.Debug|Any CPU.ActiveCfg = Debug|Any CPU
		{18F6C9CD-6FE8-493A-B25D-4DE7D2C1235D}.Debug|Any CPU.Build.0 = Debug|Any CPU
		{18F6C9CD-6FE8-493A-B25D-4DE7D2C1235D}.Release|Any CPU.ActiveCfg = Release|Any CPU
		{18F6C9CD-6FE8-493A-B25D-4DE7D2C1235D}.Release|Any CPU.Build.0 = Release|Any CPU
		{96CA04DF-8ECD-4EA1-8D92-CE39FC14280E}.Debug|Any CPU.ActiveCfg = Debug|Any CPU
		{96CA04DF-8ECD-4EA1-8D92-CE39FC14280E}.Debug|Any CPU.Build.0 = Debug|Any CPU
		{96CA04DF-8ECD-4EA1-8D92-CE39FC14280E}.Release|Any CPU.ActiveCfg = Release|Any CPU
		{96CA04DF-8ECD-4EA1-8D92-CE39FC14280E}.Release|Any CPU.Build.0 = Release|Any CPU
		{A2E8C7D9-CE69-48B1-8912-BEB1657B171E}.Debug|Any CPU.ActiveCfg = Debug|Any CPU
		{A2E8C7D9-CE69-48B1-8912-BEB1657B171E}.Debug|Any CPU.Build.0 = Debug|Any CPU
		{A2E8C7D9-CE69-48B1-8912-BEB1657B171E}.Release|Any CPU.ActiveCfg = Release|Any CPU
		{A2E8C7D9-CE69-48B1-8912-BEB1657B171E}.Release|Any CPU.Build.0 = Release|Any CPU
		{6B77E5B2-FB32-4B08-9A06-5A1BF2AE7067}.Debug|Any CPU.ActiveCfg = Debug|Any CPU
		{6B77E5B2-FB32-4B08-9A06-5A1BF2AE7067}.Debug|Any CPU.Build.0 = Debug|Any CPU
		{6B77E5B2-FB32-4B08-9A06-5A1BF2AE7067}.Release|Any CPU.ActiveCfg = Release|Any CPU
		{6B77E5B2-FB32-4B08-9A06-5A1BF2AE7067}.Release|Any CPU.Build.0 = Release|Any CPU
		{6CD59B0A-9277-4824-BE38-859939BC7AD2}.Debug|Any CPU.ActiveCfg = Debug|Any CPU
		{6CD59B0A-9277-4824-BE38-859939BC7AD2}.Debug|Any CPU.Build.0 = Debug|Any CPU
		{6CD59B0A-9277-4824-BE38-859939BC7AD2}.Release|Any CPU.ActiveCfg = Release|Any CPU
		{6CD59B0A-9277-4824-BE38-859939BC7AD2}.Release|Any CPU.Build.0 = Release|Any CPU
		{52652C08-4584-4974-9DE2-A77C777F95E4}.Debug|Any CPU.ActiveCfg = Debug|Any CPU
		{52652C08-4584-4974-9DE2-A77C777F95E4}.Debug|Any CPU.Build.0 = Debug|Any CPU
		{52652C08-4584-4974-9DE2-A77C777F95E4}.Release|Any CPU.ActiveCfg = Release|Any CPU
		{52652C08-4584-4974-9DE2-A77C777F95E4}.Release|Any CPU.Build.0 = Release|Any CPU
		{269AA080-4D75-4EF4-8F57-860DB4837F7C}.Debug|Any CPU.ActiveCfg = Debug|Any CPU
		{269AA080-4D75-4EF4-8F57-860DB4837F7C}.Debug|Any CPU.Build.0 = Debug|Any CPU
		{269AA080-4D75-4EF4-8F57-860DB4837F7C}.Release|Any CPU.ActiveCfg = Release|Any CPU
		{269AA080-4D75-4EF4-8F57-860DB4837F7C}.Release|Any CPU.Build.0 = Release|Any CPU
		{DC39F1A3-F49B-4AFD-A373-4A8DE46D0D62}.Debug|Any CPU.ActiveCfg = Debug|Any CPU
		{DC39F1A3-F49B-4AFD-A373-4A8DE46D0D62}.Debug|Any CPU.Build.0 = Debug|Any CPU
		{DC39F1A3-F49B-4AFD-A373-4A8DE46D0D62}.Release|Any CPU.ActiveCfg = Release|Any CPU
		{DC39F1A3-F49B-4AFD-A373-4A8DE46D0D62}.Release|Any CPU.Build.0 = Release|Any CPU
		{CFB7847A-A77F-49CD-A0FB-CF28B31B4DE1}.Debug|Any CPU.ActiveCfg = Debug|Any CPU
		{CFB7847A-A77F-49CD-A0FB-CF28B31B4DE1}.Debug|Any CPU.Build.0 = Debug|Any CPU
		{CFB7847A-A77F-49CD-A0FB-CF28B31B4DE1}.Release|Any CPU.ActiveCfg = Release|Any CPU
		{CFB7847A-A77F-49CD-A0FB-CF28B31B4DE1}.Release|Any CPU.Build.0 = Release|Any CPU
		{18FD7D2D-EC5A-4312-8A02-5C87ED964C48}.Debug|Any CPU.ActiveCfg = Debug|Any CPU
		{18FD7D2D-EC5A-4312-8A02-5C87ED964C48}.Debug|Any CPU.Build.0 = Debug|Any CPU
		{18FD7D2D-EC5A-4312-8A02-5C87ED964C48}.Release|Any CPU.ActiveCfg = Release|Any CPU
		{18FD7D2D-EC5A-4312-8A02-5C87ED964C48}.Release|Any CPU.Build.0 = Release|Any CPU
		{D28F05FA-222F-4999-8344-8346239086B6}.Debug|Any CPU.ActiveCfg = Debug|Any CPU
		{D28F05FA-222F-4999-8344-8346239086B6}.Debug|Any CPU.Build.0 = Debug|Any CPU
		{D28F05FA-222F-4999-8344-8346239086B6}.Release|Any CPU.ActiveCfg = Release|Any CPU
		{D28F05FA-222F-4999-8344-8346239086B6}.Release|Any CPU.Build.0 = Release|Any CPU
		{7D2B57F0-D357-438E-A887-38C152421A63}.Debug|Any CPU.ActiveCfg = Debug|Any CPU
		{7D2B57F0-D357-438E-A887-38C152421A63}.Debug|Any CPU.Build.0 = Debug|Any CPU
		{7D2B57F0-D357-438E-A887-38C152421A63}.Release|Any CPU.ActiveCfg = Release|Any CPU
		{7D2B57F0-D357-438E-A887-38C152421A63}.Release|Any CPU.Build.0 = Release|Any CPU
		{509D4090-2E26-45E4-987E-AB9A4BABC638}.Debug|Any CPU.ActiveCfg = Debug|Any CPU
		{509D4090-2E26-45E4-987E-AB9A4BABC638}.Debug|Any CPU.Build.0 = Debug|Any CPU
		{509D4090-2E26-45E4-987E-AB9A4BABC638}.Release|Any CPU.ActiveCfg = Release|Any CPU
		{509D4090-2E26-45E4-987E-AB9A4BABC638}.Release|Any CPU.Build.0 = Release|Any CPU
		{C3FDFD60-613E-422C-A9FC-42D272EF80E2}.Debug|Any CPU.ActiveCfg = Debug|Any CPU
		{C3FDFD60-613E-422C-A9FC-42D272EF80E2}.Debug|Any CPU.Build.0 = Debug|Any CPU
		{C3FDFD60-613E-422C-A9FC-42D272EF80E2}.Release|Any CPU.ActiveCfg = Release|Any CPU
		{C3FDFD60-613E-422C-A9FC-42D272EF80E2}.Release|Any CPU.Build.0 = Release|Any CPU
		{C26B6891-1BCB-476A-822C-193F80EC8B46}.Debug|Any CPU.ActiveCfg = Debug|Any CPU
		{C26B6891-1BCB-476A-822C-193F80EC8B46}.Debug|Any CPU.Build.0 = Debug|Any CPU
		{C26B6891-1BCB-476A-822C-193F80EC8B46}.Release|Any CPU.ActiveCfg = Release|Any CPU
		{C26B6891-1BCB-476A-822C-193F80EC8B46}.Release|Any CPU.Build.0 = Release|Any CPU
		{8B032A8D-AC20-465C-A3F2-4206966B4F67}.Debug|Any CPU.ActiveCfg = Debug|Any CPU
		{8B032A8D-AC20-465C-A3F2-4206966B4F67}.Debug|Any CPU.Build.0 = Debug|Any CPU
		{8B032A8D-AC20-465C-A3F2-4206966B4F67}.Release|Any CPU.ActiveCfg = Release|Any CPU
		{8B032A8D-AC20-465C-A3F2-4206966B4F67}.Release|Any CPU.Build.0 = Release|Any CPU
		{2E3D730E-8E38-44AA-81F8-7330A57DD856}.Debug|Any CPU.ActiveCfg = Debug|Any CPU
		{2E3D730E-8E38-44AA-81F8-7330A57DD856}.Debug|Any CPU.Build.0 = Debug|Any CPU
		{2E3D730E-8E38-44AA-81F8-7330A57DD856}.Release|Any CPU.ActiveCfg = Release|Any CPU
		{2E3D730E-8E38-44AA-81F8-7330A57DD856}.Release|Any CPU.Build.0 = Release|Any CPU
		{08B3E7AF-47A6-47BB-9BC9-E8F62DC4EC54}.Debug|Any CPU.ActiveCfg = Debug|Any CPU
		{08B3E7AF-47A6-47BB-9BC9-E8F62DC4EC54}.Debug|Any CPU.Build.0 = Debug|Any CPU
		{08B3E7AF-47A6-47BB-9BC9-E8F62DC4EC54}.Release|Any CPU.ActiveCfg = Release|Any CPU
		{08B3E7AF-47A6-47BB-9BC9-E8F62DC4EC54}.Release|Any CPU.Build.0 = Release|Any CPU
		{5CE50174-0585-4257-B80D-B6634F480393}.Debug|Any CPU.ActiveCfg = Debug|Any CPU
		{5CE50174-0585-4257-B80D-B6634F480393}.Debug|Any CPU.Build.0 = Debug|Any CPU
		{5CE50174-0585-4257-B80D-B6634F480393}.Release|Any CPU.ActiveCfg = Release|Any CPU
		{5CE50174-0585-4257-B80D-B6634F480393}.Release|Any CPU.Build.0 = Release|Any CPU
		{E7ED440E-88D7-4A74-9844-5E49EF0EF543}.Debug|Any CPU.ActiveCfg = Debug|Any CPU
		{E7ED440E-88D7-4A74-9844-5E49EF0EF543}.Debug|Any CPU.Build.0 = Debug|Any CPU
		{E7ED440E-88D7-4A74-9844-5E49EF0EF543}.Release|Any CPU.ActiveCfg = Release|Any CPU
		{E7ED440E-88D7-4A74-9844-5E49EF0EF543}.Release|Any CPU.Build.0 = Release|Any CPU
		{25C913C2-7054-4972-9A41-64E1DBDC7DCC}.Debug|Any CPU.ActiveCfg = Debug|Any CPU
		{25C913C2-7054-4972-9A41-64E1DBDC7DCC}.Debug|Any CPU.Build.0 = Debug|Any CPU
		{25C913C2-7054-4972-9A41-64E1DBDC7DCC}.Release|Any CPU.ActiveCfg = Release|Any CPU
		{25C913C2-7054-4972-9A41-64E1DBDC7DCC}.Release|Any CPU.Build.0 = Release|Any CPU
		{8E7FB39C-D0F1-4E48-916A-9A37D10AD12A}.Debug|Any CPU.ActiveCfg = Debug|Any CPU
		{8E7FB39C-D0F1-4E48-916A-9A37D10AD12A}.Debug|Any CPU.Build.0 = Debug|Any CPU
		{8E7FB39C-D0F1-4E48-916A-9A37D10AD12A}.Release|Any CPU.ActiveCfg = Release|Any CPU
		{8E7FB39C-D0F1-4E48-916A-9A37D10AD12A}.Release|Any CPU.Build.0 = Release|Any CPU
		{2E12CB22-585F-4D23-B52C-17FF62B88EE3}.Debug|Any CPU.ActiveCfg = Debug|Any CPU
		{2E12CB22-585F-4D23-B52C-17FF62B88EE3}.Debug|Any CPU.Build.0 = Debug|Any CPU
		{2E12CB22-585F-4D23-B52C-17FF62B88EE3}.Release|Any CPU.ActiveCfg = Release|Any CPU
		{2E12CB22-585F-4D23-B52C-17FF62B88EE3}.Release|Any CPU.Build.0 = Release|Any CPU
		{3F659447-BA3B-499D-931D-AD7989C8882D}.Debug|Any CPU.ActiveCfg = Debug|Any CPU
		{3F659447-BA3B-499D-931D-AD7989C8882D}.Debug|Any CPU.Build.0 = Debug|Any CPU
		{3F659447-BA3B-499D-931D-AD7989C8882D}.Release|Any CPU.ActiveCfg = Release|Any CPU
		{3F659447-BA3B-499D-931D-AD7989C8882D}.Release|Any CPU.Build.0 = Release|Any CPU
		{B6A158E2-43DD-4D49-9092-7A877231CEC0}.Debug|Any CPU.ActiveCfg = Debug|Any CPU
		{B6A158E2-43DD-4D49-9092-7A877231CEC0}.Debug|Any CPU.Build.0 = Debug|Any CPU
		{B6A158E2-43DD-4D49-9092-7A877231CEC0}.Release|Any CPU.ActiveCfg = Release|Any CPU
		{B6A158E2-43DD-4D49-9092-7A877231CEC0}.Release|Any CPU.Build.0 = Release|Any CPU
		{73059F49-C3F4-4EDF-90AE-BFF67C5D828C}.Debug|Any CPU.ActiveCfg = Debug|Any CPU
		{73059F49-C3F4-4EDF-90AE-BFF67C5D828C}.Debug|Any CPU.Build.0 = Debug|Any CPU
		{73059F49-C3F4-4EDF-90AE-BFF67C5D828C}.Release|Any CPU.ActiveCfg = Release|Any CPU
		{73059F49-C3F4-4EDF-90AE-BFF67C5D828C}.Release|Any CPU.Build.0 = Release|Any CPU
		{FD9ED64B-5ACB-43D5-9DCA-357CC979DC77}.Debug|Any CPU.ActiveCfg = Debug|Any CPU
		{FD9ED64B-5ACB-43D5-9DCA-357CC979DC77}.Debug|Any CPU.Build.0 = Debug|Any CPU
		{FD9ED64B-5ACB-43D5-9DCA-357CC979DC77}.Release|Any CPU.ActiveCfg = Release|Any CPU
		{FD9ED64B-5ACB-43D5-9DCA-357CC979DC77}.Release|Any CPU.Build.0 = Release|Any CPU
		{44FBCF09-C1FE-4B52-A194-E79EC805DC45}.Debug|Any CPU.ActiveCfg = Debug|Any CPU
		{44FBCF09-C1FE-4B52-A194-E79EC805DC45}.Debug|Any CPU.Build.0 = Debug|Any CPU
		{44FBCF09-C1FE-4B52-A194-E79EC805DC45}.Release|Any CPU.ActiveCfg = Release|Any CPU
		{44FBCF09-C1FE-4B52-A194-E79EC805DC45}.Release|Any CPU.Build.0 = Release|Any CPU
		{79314685-9179-481B-A92A-211C4BC8A666}.Debug|Any CPU.ActiveCfg = Debug|Any CPU
		{79314685-9179-481B-A92A-211C4BC8A666}.Debug|Any CPU.Build.0 = Debug|Any CPU
		{79314685-9179-481B-A92A-211C4BC8A666}.Release|Any CPU.ActiveCfg = Release|Any CPU
		{79314685-9179-481B-A92A-211C4BC8A666}.Release|Any CPU.Build.0 = Release|Any CPU
		{7DDF66C7-C661-4533-9A95-965BB4BF32EF}.Debug|Any CPU.ActiveCfg = Debug|Any CPU
		{7DDF66C7-C661-4533-9A95-965BB4BF32EF}.Debug|Any CPU.Build.0 = Debug|Any CPU
		{7DDF66C7-C661-4533-9A95-965BB4BF32EF}.Release|Any CPU.ActiveCfg = Release|Any CPU
		{7DDF66C7-C661-4533-9A95-965BB4BF32EF}.Release|Any CPU.Build.0 = Release|Any CPU
		{5DA65F8B-7120-4E29-81D1-644288E22653}.Debug|Any CPU.ActiveCfg = Debug|Any CPU
		{5DA65F8B-7120-4E29-81D1-644288E22653}.Debug|Any CPU.Build.0 = Debug|Any CPU
		{5DA65F8B-7120-4E29-81D1-644288E22653}.Release|Any CPU.ActiveCfg = Release|Any CPU
		{5DA65F8B-7120-4E29-81D1-644288E22653}.Release|Any CPU.Build.0 = Release|Any CPU
		{EA5C42BA-9D64-4002-A07D-70EEC8709DF4}.Debug|Any CPU.ActiveCfg = Debug|Any CPU
		{EA5C42BA-9D64-4002-A07D-70EEC8709DF4}.Debug|Any CPU.Build.0 = Debug|Any CPU
		{EA5C42BA-9D64-4002-A07D-70EEC8709DF4}.Release|Any CPU.ActiveCfg = Release|Any CPU
		{EA5C42BA-9D64-4002-A07D-70EEC8709DF4}.Release|Any CPU.Build.0 = Release|Any CPU
		{73A2F600-0E93-4A9C-8F4E-9A0C7CECCDC8}.Debug|Any CPU.ActiveCfg = Debug|Any CPU
		{73A2F600-0E93-4A9C-8F4E-9A0C7CECCDC8}.Debug|Any CPU.Build.0 = Debug|Any CPU
		{73A2F600-0E93-4A9C-8F4E-9A0C7CECCDC8}.Release|Any CPU.ActiveCfg = Release|Any CPU
		{73A2F600-0E93-4A9C-8F4E-9A0C7CECCDC8}.Release|Any CPU.Build.0 = Release|Any CPU
		{5D795C78-5FB6-40CA-BC6D-5BC7DDBE8470}.Debug|Any CPU.ActiveCfg = Debug|Any CPU
		{5D795C78-5FB6-40CA-BC6D-5BC7DDBE8470}.Debug|Any CPU.Build.0 = Debug|Any CPU
		{5D795C78-5FB6-40CA-BC6D-5BC7DDBE8470}.Release|Any CPU.ActiveCfg = Release|Any CPU
		{5D795C78-5FB6-40CA-BC6D-5BC7DDBE8470}.Release|Any CPU.Build.0 = Release|Any CPU
		{A70B83E8-CAD7-4955-B735-E740466D7D40}.Debug|Any CPU.ActiveCfg = Debug|Any CPU
		{A70B83E8-CAD7-4955-B735-E740466D7D40}.Debug|Any CPU.Build.0 = Debug|Any CPU
		{A70B83E8-CAD7-4955-B735-E740466D7D40}.Release|Any CPU.ActiveCfg = Release|Any CPU
		{A70B83E8-CAD7-4955-B735-E740466D7D40}.Release|Any CPU.Build.0 = Release|Any CPU
		{AA81C16F-FE0F-43D8-B98C-CB40EF055D04}.Debug|Any CPU.ActiveCfg = Debug|Any CPU
		{AA81C16F-FE0F-43D8-B98C-CB40EF055D04}.Debug|Any CPU.Build.0 = Debug|Any CPU
		{AA81C16F-FE0F-43D8-B98C-CB40EF055D04}.Release|Any CPU.ActiveCfg = Release|Any CPU
		{AA81C16F-FE0F-43D8-B98C-CB40EF055D04}.Release|Any CPU.Build.0 = Release|Any CPU
		{52D917E5-B230-4A5D-9A78-D6209FDCF597}.Debug|Any CPU.ActiveCfg = Debug|Any CPU
		{52D917E5-B230-4A5D-9A78-D6209FDCF597}.Debug|Any CPU.Build.0 = Debug|Any CPU
		{52D917E5-B230-4A5D-9A78-D6209FDCF597}.Release|Any CPU.ActiveCfg = Release|Any CPU
		{52D917E5-B230-4A5D-9A78-D6209FDCF597}.Release|Any CPU.Build.0 = Release|Any CPU
		{7004F168-8EBA-481C-A4D6-5241F9233A31}.Debug|Any CPU.ActiveCfg = Debug|Any CPU
		{7004F168-8EBA-481C-A4D6-5241F9233A31}.Debug|Any CPU.Build.0 = Debug|Any CPU
		{7004F168-8EBA-481C-A4D6-5241F9233A31}.Release|Any CPU.ActiveCfg = Release|Any CPU
		{7004F168-8EBA-481C-A4D6-5241F9233A31}.Release|Any CPU.Build.0 = Release|Any CPU
		{F2C79DD4-00D5-493D-B7A7-9E14FCEACB81}.Debug|Any CPU.ActiveCfg = Debug|Any CPU
		{F2C79DD4-00D5-493D-B7A7-9E14FCEACB81}.Debug|Any CPU.Build.0 = Debug|Any CPU
		{F2C79DD4-00D5-493D-B7A7-9E14FCEACB81}.Release|Any CPU.ActiveCfg = Release|Any CPU
		{F2C79DD4-00D5-493D-B7A7-9E14FCEACB81}.Release|Any CPU.Build.0 = Release|Any CPU
		{A12A7B11-5AC9-448D-BD0C-13D2EC39612E}.Debug|Any CPU.ActiveCfg = Debug|Any CPU
		{A12A7B11-5AC9-448D-BD0C-13D2EC39612E}.Debug|Any CPU.Build.0 = Debug|Any CPU
		{A12A7B11-5AC9-448D-BD0C-13D2EC39612E}.Release|Any CPU.ActiveCfg = Release|Any CPU
		{A12A7B11-5AC9-448D-BD0C-13D2EC39612E}.Release|Any CPU.Build.0 = Release|Any CPU
		{EF9DC35C-DB21-4CE3-AF66-773B31A8823A}.Debug|Any CPU.ActiveCfg = Debug|Any CPU
		{EF9DC35C-DB21-4CE3-AF66-773B31A8823A}.Debug|Any CPU.Build.0 = Debug|Any CPU
		{EF9DC35C-DB21-4CE3-AF66-773B31A8823A}.Release|Any CPU.ActiveCfg = Release|Any CPU
		{EF9DC35C-DB21-4CE3-AF66-773B31A8823A}.Release|Any CPU.Build.0 = Release|Any CPU
		{6496D970-3AC2-47BF-AD18-38C33CE8E0B0}.Debug|Any CPU.ActiveCfg = Debug|Any CPU
		{6496D970-3AC2-47BF-AD18-38C33CE8E0B0}.Debug|Any CPU.Build.0 = Debug|Any CPU
		{6496D970-3AC2-47BF-AD18-38C33CE8E0B0}.Release|Any CPU.ActiveCfg = Release|Any CPU
		{6496D970-3AC2-47BF-AD18-38C33CE8E0B0}.Release|Any CPU.Build.0 = Release|Any CPU
		{61DC35EE-1425-40EC-979E-2FE7581D5C55}.Debug|Any CPU.ActiveCfg = Debug|Any CPU
		{61DC35EE-1425-40EC-979E-2FE7581D5C55}.Debug|Any CPU.Build.0 = Debug|Any CPU
		{61DC35EE-1425-40EC-979E-2FE7581D5C55}.Release|Any CPU.ActiveCfg = Release|Any CPU
		{61DC35EE-1425-40EC-979E-2FE7581D5C55}.Release|Any CPU.Build.0 = Release|Any CPU
		{21507D7F-B1C7-4F34-9A66-1ED223A8A334}.Debug|Any CPU.ActiveCfg = Debug|Any CPU
		{21507D7F-B1C7-4F34-9A66-1ED223A8A334}.Debug|Any CPU.Build.0 = Debug|Any CPU
		{21507D7F-B1C7-4F34-9A66-1ED223A8A334}.Release|Any CPU.ActiveCfg = Release|Any CPU
		{21507D7F-B1C7-4F34-9A66-1ED223A8A334}.Release|Any CPU.Build.0 = Release|Any CPU
		{5B13B6EC-8372-49C1-9567-6DDD4A0C7829}.Debug|Any CPU.ActiveCfg = Debug|Any CPU
		{5B13B6EC-8372-49C1-9567-6DDD4A0C7829}.Debug|Any CPU.Build.0 = Debug|Any CPU
		{5B13B6EC-8372-49C1-9567-6DDD4A0C7829}.Release|Any CPU.ActiveCfg = Release|Any CPU
		{5B13B6EC-8372-49C1-9567-6DDD4A0C7829}.Release|Any CPU.Build.0 = Release|Any CPU
		{EEDBF9C9-68AA-4BF9-B5B0-F23F48B3310F}.Debug|Any CPU.ActiveCfg = Debug|Any CPU
		{EEDBF9C9-68AA-4BF9-B5B0-F23F48B3310F}.Debug|Any CPU.Build.0 = Debug|Any CPU
		{EEDBF9C9-68AA-4BF9-B5B0-F23F48B3310F}.Release|Any CPU.ActiveCfg = Release|Any CPU
		{EEDBF9C9-68AA-4BF9-B5B0-F23F48B3310F}.Release|Any CPU.Build.0 = Release|Any CPU
		{D5896CCA-4402-4C45-9381-116988B4E2BB}.Debug|Any CPU.ActiveCfg = Debug|Any CPU
		{D5896CCA-4402-4C45-9381-116988B4E2BB}.Debug|Any CPU.Build.0 = Debug|Any CPU
		{D5896CCA-4402-4C45-9381-116988B4E2BB}.Release|Any CPU.ActiveCfg = Release|Any CPU
		{D5896CCA-4402-4C45-9381-116988B4E2BB}.Release|Any CPU.Build.0 = Release|Any CPU
		{0E789E7A-C46B-47C5-9AE8-EE3CC2561E94}.Debug|Any CPU.ActiveCfg = Debug|Any CPU
		{0E789E7A-C46B-47C5-9AE8-EE3CC2561E94}.Debug|Any CPU.Build.0 = Debug|Any CPU
		{0E789E7A-C46B-47C5-9AE8-EE3CC2561E94}.Release|Any CPU.ActiveCfg = Release|Any CPU
		{0E789E7A-C46B-47C5-9AE8-EE3CC2561E94}.Release|Any CPU.Build.0 = Release|Any CPU
		{5F05DC64-A10B-42F4-989B-D4F8B892D185}.Debug|Any CPU.ActiveCfg = Debug|Any CPU
		{5F05DC64-A10B-42F4-989B-D4F8B892D185}.Debug|Any CPU.Build.0 = Debug|Any CPU
		{5F05DC64-A10B-42F4-989B-D4F8B892D185}.Release|Any CPU.ActiveCfg = Release|Any CPU
		{5F05DC64-A10B-42F4-989B-D4F8B892D185}.Release|Any CPU.Build.0 = Release|Any CPU
		{178D3211-2A33-462A-B1E9-6FB4A7FAF276}.Debug|Any CPU.ActiveCfg = Debug|Any CPU
		{178D3211-2A33-462A-B1E9-6FB4A7FAF276}.Debug|Any CPU.Build.0 = Debug|Any CPU
		{178D3211-2A33-462A-B1E9-6FB4A7FAF276}.Release|Any CPU.ActiveCfg = Release|Any CPU
		{178D3211-2A33-462A-B1E9-6FB4A7FAF276}.Release|Any CPU.Build.0 = Release|Any CPU
		{5765DDBD-7320-4FB3-ABD2-B8CCD1DB3D39}.Debug|Any CPU.ActiveCfg = Debug|Any CPU
		{5765DDBD-7320-4FB3-ABD2-B8CCD1DB3D39}.Debug|Any CPU.Build.0 = Debug|Any CPU
		{5765DDBD-7320-4FB3-ABD2-B8CCD1DB3D39}.Release|Any CPU.ActiveCfg = Release|Any CPU
		{5765DDBD-7320-4FB3-ABD2-B8CCD1DB3D39}.Release|Any CPU.Build.0 = Release|Any CPU
		{1E2C44B6-3073-468B-8A3D-A0C64A8B9945}.Debug|Any CPU.ActiveCfg = Debug|Any CPU
		{1E2C44B6-3073-468B-8A3D-A0C64A8B9945}.Debug|Any CPU.Build.0 = Debug|Any CPU
		{1E2C44B6-3073-468B-8A3D-A0C64A8B9945}.Release|Any CPU.ActiveCfg = Release|Any CPU
		{1E2C44B6-3073-468B-8A3D-A0C64A8B9945}.Release|Any CPU.Build.0 = Release|Any CPU
		{8327784C-D22A-40D0-B24B-E426876B6FC1}.Debug|Any CPU.ActiveCfg = Debug|Any CPU
		{8327784C-D22A-40D0-B24B-E426876B6FC1}.Debug|Any CPU.Build.0 = Debug|Any CPU
		{8327784C-D22A-40D0-B24B-E426876B6FC1}.Release|Any CPU.ActiveCfg = Release|Any CPU
		{8327784C-D22A-40D0-B24B-E426876B6FC1}.Release|Any CPU.Build.0 = Release|Any CPU
		{9654AA45-65CB-45CF-A13C-95202D054A7D}.Debug|Any CPU.ActiveCfg = Debug|Any CPU
		{9654AA45-65CB-45CF-A13C-95202D054A7D}.Debug|Any CPU.Build.0 = Debug|Any CPU
		{9654AA45-65CB-45CF-A13C-95202D054A7D}.Release|Any CPU.ActiveCfg = Release|Any CPU
		{9654AA45-65CB-45CF-A13C-95202D054A7D}.Release|Any CPU.Build.0 = Release|Any CPU
		{BA34D9BA-C91D-4473-9720-EDB5A8E0434F}.Debug|Any CPU.ActiveCfg = Debug|Any CPU
		{BA34D9BA-C91D-4473-9720-EDB5A8E0434F}.Debug|Any CPU.Build.0 = Debug|Any CPU
		{BA34D9BA-C91D-4473-9720-EDB5A8E0434F}.Release|Any CPU.ActiveCfg = Release|Any CPU
		{BA34D9BA-C91D-4473-9720-EDB5A8E0434F}.Release|Any CPU.Build.0 = Release|Any CPU
		{64868755-4D9F-4DB5-BD06-75566C8DDDD5}.Debug|Any CPU.ActiveCfg = Debug|Any CPU
		{64868755-4D9F-4DB5-BD06-75566C8DDDD5}.Debug|Any CPU.Build.0 = Debug|Any CPU
		{64868755-4D9F-4DB5-BD06-75566C8DDDD5}.Release|Any CPU.ActiveCfg = Release|Any CPU
		{64868755-4D9F-4DB5-BD06-75566C8DDDD5}.Release|Any CPU.Build.0 = Release|Any CPU
		{F0EE7400-BB28-471E-8F8C-B4685D1BF1C6}.Debug|Any CPU.ActiveCfg = Debug|Any CPU
		{F0EE7400-BB28-471E-8F8C-B4685D1BF1C6}.Debug|Any CPU.Build.0 = Debug|Any CPU
		{F0EE7400-BB28-471E-8F8C-B4685D1BF1C6}.Release|Any CPU.ActiveCfg = Release|Any CPU
		{F0EE7400-BB28-471E-8F8C-B4685D1BF1C6}.Release|Any CPU.Build.0 = Release|Any CPU
		{E1C05B23-0AB0-4D0C-8232-C4BC9D0F19B7}.Debug|Any CPU.ActiveCfg = Debug|Any CPU
		{E1C05B23-0AB0-4D0C-8232-C4BC9D0F19B7}.Debug|Any CPU.Build.0 = Debug|Any CPU
		{E1C05B23-0AB0-4D0C-8232-C4BC9D0F19B7}.Release|Any CPU.ActiveCfg = Release|Any CPU
		{E1C05B23-0AB0-4D0C-8232-C4BC9D0F19B7}.Release|Any CPU.Build.0 = Release|Any CPU
		{742AC025-5B3E-4267-896C-3BD91EEE29F3}.Debug|Any CPU.ActiveCfg = Debug|Any CPU
		{742AC025-5B3E-4267-896C-3BD91EEE29F3}.Debug|Any CPU.Build.0 = Debug|Any CPU
		{742AC025-5B3E-4267-896C-3BD91EEE29F3}.Release|Any CPU.ActiveCfg = Release|Any CPU
		{742AC025-5B3E-4267-896C-3BD91EEE29F3}.Release|Any CPU.Build.0 = Release|Any CPU
		{9E0B151A-982E-4068-9843-24614260BE9B}.Debug|Any CPU.ActiveCfg = Debug|Any CPU
		{9E0B151A-982E-4068-9843-24614260BE9B}.Debug|Any CPU.Build.0 = Debug|Any CPU
		{9E0B151A-982E-4068-9843-24614260BE9B}.Release|Any CPU.ActiveCfg = Release|Any CPU
		{9E0B151A-982E-4068-9843-24614260BE9B}.Release|Any CPU.Build.0 = Release|Any CPU
		{4B80FCC5-EEB0-4823-8158-473E53F2374C}.Debug|Any CPU.ActiveCfg = Debug|Any CPU
		{4B80FCC5-EEB0-4823-8158-473E53F2374C}.Debug|Any CPU.Build.0 = Debug|Any CPU
		{4B80FCC5-EEB0-4823-8158-473E53F2374C}.Release|Any CPU.ActiveCfg = Release|Any CPU
		{4B80FCC5-EEB0-4823-8158-473E53F2374C}.Release|Any CPU.Build.0 = Release|Any CPU
		{B5998DC9-4B79-420F-BC82-E68AD601AC25}.Debug|Any CPU.ActiveCfg = Debug|Any CPU
		{B5998DC9-4B79-420F-BC82-E68AD601AC25}.Debug|Any CPU.Build.0 = Debug|Any CPU
		{B5998DC9-4B79-420F-BC82-E68AD601AC25}.Release|Any CPU.ActiveCfg = Release|Any CPU
		{B5998DC9-4B79-420F-BC82-E68AD601AC25}.Release|Any CPU.Build.0 = Release|Any CPU
		{85B05607-DC17-4AA5-B9C5-F8B2261038FE}.Debug|Any CPU.ActiveCfg = Debug|Any CPU
		{85B05607-DC17-4AA5-B9C5-F8B2261038FE}.Debug|Any CPU.Build.0 = Debug|Any CPU
		{85B05607-DC17-4AA5-B9C5-F8B2261038FE}.Release|Any CPU.ActiveCfg = Release|Any CPU
		{85B05607-DC17-4AA5-B9C5-F8B2261038FE}.Release|Any CPU.Build.0 = Release|Any CPU
		{855C35CA-0615-4320-AC5D-A8AF6974ED5D}.Debug|Any CPU.ActiveCfg = Debug|Any CPU
		{855C35CA-0615-4320-AC5D-A8AF6974ED5D}.Debug|Any CPU.Build.0 = Debug|Any CPU
		{855C35CA-0615-4320-AC5D-A8AF6974ED5D}.Release|Any CPU.ActiveCfg = Release|Any CPU
		{855C35CA-0615-4320-AC5D-A8AF6974ED5D}.Release|Any CPU.Build.0 = Release|Any CPU
		{85BFFE7D-5781-4E87-A6FF-117A279A0F9B}.Debug|Any CPU.ActiveCfg = Debug|Any CPU
		{85BFFE7D-5781-4E87-A6FF-117A279A0F9B}.Debug|Any CPU.Build.0 = Debug|Any CPU
		{85BFFE7D-5781-4E87-A6FF-117A279A0F9B}.Release|Any CPU.ActiveCfg = Release|Any CPU
		{85BFFE7D-5781-4E87-A6FF-117A279A0F9B}.Release|Any CPU.Build.0 = Release|Any CPU
	EndGlobalSection
	GlobalSection(SolutionProperties) = preSolution
		HideSolutionNode = FALSE
	EndGlobalSection
	GlobalSection(ExtensibilityGlobals) = postSolution
		SolutionGuid = {6F56EC7F-B076-4332-9122-035815A1A033}
	EndGlobalSection
EndGlobal
