
Microsoft Visual Studio Solution File, Format Version 12.00
# Visual Studio Version 17
VisualStudioVersion = 17.2.32630.192
MinimumVisualStudioVersion = 10.0.40219.1
Project("{9A19103F-16F7-4668-BE54-9A1E7A4F7556}") = "R5T.L0066.Q000", "R5T.L0066.Q000\R5T.L0066.Q000.csproj", "{871EC327-585A-47DA-AB33-3860E30C0D7A}"
EndProject
Project("{9A19103F-16F7-4668-BE54-9A1E7A4F7556}") = "R5T.L0066", "R5T.L0066\R5T.L0066.csproj", "{6114AABD-8CC4-4535-838F-C07B13DD48D3}"
EndProject
Project("{2150E333-8FDC-42A3-9474-1A3956D46DE8}") = "_Dependencies", "_Dependencies", "{97089B0E-A692-439F-BC5C-FAEADEA4F435}"
EndProject
Project("{9A19103F-16F7-4668-BE54-9A1E7A4F7556}") = "R5T.T0131", "..\..\R5T.T0131\source\R5T.T0131\R5T.T0131.csproj", "{D28F05FA-222F-4999-8344-8346239086B6}"
EndProject
Project("{9A19103F-16F7-4668-BE54-9A1E7A4F7556}") = "R5T.T0132", "..\..\R5T.T0132\source\R5T.T0132\R5T.T0132.csproj", "{7D2B57F0-D357-438E-A887-38C152421A63}"
EndProject
Project("{9A19103F-16F7-4668-BE54-9A1E7A4F7556}") = "R5T.T0142", "..\..\R5T.T0142\source\R5T.T0142\R5T.T0142.csproj", "{509D4090-2E26-45E4-987E-AB9A4BABC638}"
EndProject
Project("{9A19103F-16F7-4668-BE54-9A1E7A4F7556}") = "R5T.T0143", "..\..\R5T.T0143\source\R5T.T0143\R5T.T0143.csproj", "{C3FDFD60-613E-422C-A9FC-42D272EF80E2}"
EndProject
Project("{9A19103F-16F7-4668-BE54-9A1E7A4F7556}") = "R5T.T0156", "..\..\R5T.T0156\source\R5T.T0156\R5T.T0156.csproj", "{2E3D730E-8E38-44AA-81F8-7330A57DD856}"
EndProject
Project("{9A19103F-16F7-4668-BE54-9A1E7A4F7556}") = "R5T.Y0006", "..\..\R5T.Y0006\source\R5T.Y0006\R5T.Y0006.csproj", "{A12A7B11-5AC9-448D-BD0C-13D2EC39612E}"
EndProject
Project("{9A19103F-16F7-4668-BE54-9A1E7A4F7556}") = "R5T.T0141", "..\..\R5T.T0141\source\R5T.T0141\R5T.T0141.csproj", "{2B44DBFB-4611-490B-9A71-F1293DF62133}"
EndProject
Project("{9A19103F-16F7-4668-BE54-9A1E7A4F7556}") = "F10Y.L0000", "..\..\..\Functionairy\F10Y.L0000\source\F10Y.L0000\F10Y.L0000.csproj", "{5DCAFF43-C768-4942-915D-E30E3D788265}"
EndProject
Project("{9A19103F-16F7-4668-BE54-9A1E7A4F7556}") = "F10Y.T0000", "..\..\..\Functionairy\F10Y.T0000\source\F10Y.T0000\F10Y.T0000.csproj", "{5DAC4B83-92B9-48DD-AF08-81BEA50DD52C}"
EndProject
Project("{9A19103F-16F7-4668-BE54-9A1E7A4F7556}") = "F10Y.T0001", "..\..\..\Functionairy\F10Y.T0001\source\F10Y.T0001\F10Y.T0001.csproj", "{3F779B0A-4132-48C4-ABAC-6CF3CB02963A}"
EndProject
Project("{9A19103F-16F7-4668-BE54-9A1E7A4F7556}") = "F10Y.T0002", "..\..\..\Functionairy\F10Y.T0002\source\F10Y.T0002\F10Y.T0002.csproj", "{41EC8284-33D1-4F94-A875-0A3D8BF6A0D5}"
EndProject
Project("{9A19103F-16F7-4668-BE54-9A1E7A4F7556}") = "F10Y.T0003", "..\..\..\Functionairy\F10Y.T0003\source\F10Y.T0003\F10Y.T0003.csproj", "{A11CB162-E435-4187-93DE-DA157ABB9004}"
EndProject
Project("{9A19103F-16F7-4668-BE54-9A1E7A4F7556}") = "F10Y.T0004", "..\..\..\Functionairy\F10Y.T0004\source\F10Y.T0004\F10Y.T0004.csproj", "{C5F155B5-F3F5-4CE8-ABC3-B70BCA186FA7}"
EndProject
Project("{9A19103F-16F7-4668-BE54-9A1E7A4F7556}") = "F10Y.T0011", "..\..\..\Functionairy\F10Y.T0011\source\F10Y.T0011\F10Y.T0011.csproj", "{30665A0E-BB00-4325-9F9B-BB3C976DECDA}"
EndProject
Project("{9A19103F-16F7-4668-BE54-9A1E7A4F7556}") = "F10Y.Y0000", "..\..\..\Functionairy\F10Y.Y0000\source\F10Y.Y0000\F10Y.Y0000.csproj", "{15793535-9BCA-438B-851B-754E092C8ACE}"
EndProject
Project("{9A19103F-16F7-4668-BE54-9A1E7A4F7556}") = "R5T.T0241", "..\..\R5T.T0241\source\R5T.T0241\R5T.T0241.csproj", "{221EB4BF-4CCC-4A97-94D6-C4B2D5FD03C3}"
EndProject
Project("{9A19103F-16F7-4668-BE54-9A1E7A4F7556}") = "F10Y.L0001.L000", "..\..\..\Functionairy\F10Y.L0001\source\F10Y.L0001.L000\F10Y.L0001.L000.csproj", "{C8FA8F3C-168E-4F7D-AF77-FDBA5F317A29}"
EndProject
Global
	GlobalSection(NestedProjects) = preSolution
		{D28F05FA-222F-4999-8344-8346239086B6} = {97089B0E-A692-439F-BC5C-FAEADEA4F435}
		{7D2B57F0-D357-438E-A887-38C152421A63} = {97089B0E-A692-439F-BC5C-FAEADEA4F435}
		{509D4090-2E26-45E4-987E-AB9A4BABC638} = {97089B0E-A692-439F-BC5C-FAEADEA4F435}
		{C3FDFD60-613E-422C-A9FC-42D272EF80E2} = {97089B0E-A692-439F-BC5C-FAEADEA4F435}
		{2E3D730E-8E38-44AA-81F8-7330A57DD856} = {97089B0E-A692-439F-BC5C-FAEADEA4F435}
		{A12A7B11-5AC9-448D-BD0C-13D2EC39612E} = {97089B0E-A692-439F-BC5C-FAEADEA4F435}
		{2B44DBFB-4611-490B-9A71-F1293DF62133} = {97089B0E-A692-439F-BC5C-FAEADEA4F435}
		{5DCAFF43-C768-4942-915D-E30E3D788265} = {97089B0E-A692-439F-BC5C-FAEADEA4F435}
		{5DAC4B83-92B9-48DD-AF08-81BEA50DD52C} = {97089B0E-A692-439F-BC5C-FAEADEA4F435}
		{3F779B0A-4132-48C4-ABAC-6CF3CB02963A} = {97089B0E-A692-439F-BC5C-FAEADEA4F435}
		{41EC8284-33D1-4F94-A875-0A3D8BF6A0D5} = {97089B0E-A692-439F-BC5C-FAEADEA4F435}
		{A11CB162-E435-4187-93DE-DA157ABB9004} = {97089B0E-A692-439F-BC5C-FAEADEA4F435}
		{C5F155B5-F3F5-4CE8-ABC3-B70BCA186FA7} = {97089B0E-A692-439F-BC5C-FAEADEA4F435}
		{30665A0E-BB00-4325-9F9B-BB3C976DECDA} = {97089B0E-A692-439F-BC5C-FAEADEA4F435}
		{15793535-9BCA-438B-851B-754E092C8ACE} = {97089B0E-A692-439F-BC5C-FAEADEA4F435}
		{221EB4BF-4CCC-4A97-94D6-C4B2D5FD03C3} = {97089B0E-A692-439F-BC5C-FAEADEA4F435}
		{C8FA8F3C-168E-4F7D-AF77-FDBA5F317A29} = {97089B0E-A692-439F-BC5C-FAEADEA4F435}
	EndGlobalSection
	GlobalSection(SolutionConfigurationPlatforms) = preSolution
		Debug|Any CPU = Debug|Any CPU
		Release|Any CPU = Release|Any CPU
	EndGlobalSection
	GlobalSection(ProjectConfigurationPlatforms) = postSolution
		{6114AABD-8CC4-4535-838F-C07B13DD48D3}.Debug|Any CPU.ActiveCfg = Debug|Any CPU
		{6114AABD-8CC4-4535-838F-C07B13DD48D3}.Debug|Any CPU.Build.0 = Debug|Any CPU
		{6114AABD-8CC4-4535-838F-C07B13DD48D3}.Release|Any CPU.ActiveCfg = Release|Any CPU
		{6114AABD-8CC4-4535-838F-C07B13DD48D3}.Release|Any CPU.Build.0 = Release|Any CPU
		{D28F05FA-222F-4999-8344-8346239086B6}.Debug|Any CPU.ActiveCfg = Debug|Any CPU
		{D28F05FA-222F-4999-8344-8346239086B6}.Debug|Any CPU.Build.0 = Debug|Any CPU
		{D28F05FA-222F-4999-8344-8346239086B6}.Release|Any CPU.ActiveCfg = Release|Any CPU
		{D28F05FA-222F-4999-8344-8346239086B6}.Release|Any CPU.Build.0 = Release|Any CPU
		{7D2B57F0-D357-438E-A887-38C152421A63}.Debug|Any CPU.ActiveCfg = Debug|Any CPU
		{7D2B57F0-D357-438E-A887-38C152421A63}.Debug|Any CPU.Build.0 = Debug|Any CPU
		{7D2B57F0-D357-438E-A887-38C152421A63}.Release|Any CPU.ActiveCfg = Release|Any CPU
		{7D2B57F0-D357-438E-A887-38C152421A63}.Release|Any CPU.Build.0 = Release|Any CPU
		{509D4090-2E26-45E4-987E-AB9A4BABC638}.Debug|Any CPU.ActiveCfg = Debug|Any CPU
		{509D4090-2E26-45E4-987E-AB9A4BABC638}.Debug|Any CPU.Build.0 = Debug|Any CPU
		{509D4090-2E26-45E4-987E-AB9A4BABC638}.Release|Any CPU.ActiveCfg = Release|Any CPU
		{509D4090-2E26-45E4-987E-AB9A4BABC638}.Release|Any CPU.Build.0 = Release|Any CPU
		{C3FDFD60-613E-422C-A9FC-42D272EF80E2}.Debug|Any CPU.ActiveCfg = Debug|Any CPU
		{C3FDFD60-613E-422C-A9FC-42D272EF80E2}.Debug|Any CPU.Build.0 = Debug|Any CPU
		{C3FDFD60-613E-422C-A9FC-42D272EF80E2}.Release|Any CPU.ActiveCfg = Release|Any CPU
		{C3FDFD60-613E-422C-A9FC-42D272EF80E2}.Release|Any CPU.Build.0 = Release|Any CPU
		{2E3D730E-8E38-44AA-81F8-7330A57DD856}.Debug|Any CPU.ActiveCfg = Debug|Any CPU
		{2E3D730E-8E38-44AA-81F8-7330A57DD856}.Debug|Any CPU.Build.0 = Debug|Any CPU
		{2E3D730E-8E38-44AA-81F8-7330A57DD856}.Release|Any CPU.ActiveCfg = Release|Any CPU
		{2E3D730E-8E38-44AA-81F8-7330A57DD856}.Release|Any CPU.Build.0 = Release|Any CPU
		{A12A7B11-5AC9-448D-BD0C-13D2EC39612E}.Debug|Any CPU.ActiveCfg = Debug|Any CPU
		{A12A7B11-5AC9-448D-BD0C-13D2EC39612E}.Debug|Any CPU.Build.0 = Debug|Any CPU
		{A12A7B11-5AC9-448D-BD0C-13D2EC39612E}.Release|Any CPU.ActiveCfg = Release|Any CPU
		{A12A7B11-5AC9-448D-BD0C-13D2EC39612E}.Release|Any CPU.Build.0 = Release|Any CPU
		{871EC327-585A-47DA-AB33-3860E30C0D7A}.Debug|Any CPU.ActiveCfg = Debug|Any CPU
		{871EC327-585A-47DA-AB33-3860E30C0D7A}.Debug|Any CPU.Build.0 = Debug|Any CPU
		{871EC327-585A-47DA-AB33-3860E30C0D7A}.Release|Any CPU.ActiveCfg = Release|Any CPU
		{871EC327-585A-47DA-AB33-3860E30C0D7A}.Release|Any CPU.Build.0 = Release|Any CPU
		{2B44DBFB-4611-490B-9A71-F1293DF62133}.Debug|Any CPU.ActiveCfg = Debug|Any CPU
		{2B44DBFB-4611-490B-9A71-F1293DF62133}.Debug|Any CPU.Build.0 = Debug|Any CPU
		{2B44DBFB-4611-490B-9A71-F1293DF62133}.Release|Any CPU.ActiveCfg = Release|Any CPU
		{2B44DBFB-4611-490B-9A71-F1293DF62133}.Release|Any CPU.Build.0 = Release|Any CPU
		{5DCAFF43-C768-4942-915D-E30E3D788265}.Debug|Any CPU.ActiveCfg = Debug|Any CPU
		{5DCAFF43-C768-4942-915D-E30E3D788265}.Debug|Any CPU.Build.0 = Debug|Any CPU
		{5DCAFF43-C768-4942-915D-E30E3D788265}.Release|Any CPU.ActiveCfg = Release|Any CPU
		{5DCAFF43-C768-4942-915D-E30E3D788265}.Release|Any CPU.Build.0 = Release|Any CPU
		{5DAC4B83-92B9-48DD-AF08-81BEA50DD52C}.Debug|Any CPU.ActiveCfg = Debug|Any CPU
		{5DAC4B83-92B9-48DD-AF08-81BEA50DD52C}.Debug|Any CPU.Build.0 = Debug|Any CPU
		{5DAC4B83-92B9-48DD-AF08-81BEA50DD52C}.Release|Any CPU.ActiveCfg = Release|Any CPU
		{5DAC4B83-92B9-48DD-AF08-81BEA50DD52C}.Release|Any CPU.Build.0 = Release|Any CPU
		{3F779B0A-4132-48C4-ABAC-6CF3CB02963A}.Debug|Any CPU.ActiveCfg = Debug|Any CPU
		{3F779B0A-4132-48C4-ABAC-6CF3CB02963A}.Debug|Any CPU.Build.0 = Debug|Any CPU
		{3F779B0A-4132-48C4-ABAC-6CF3CB02963A}.Release|Any CPU.ActiveCfg = Release|Any CPU
		{3F779B0A-4132-48C4-ABAC-6CF3CB02963A}.Release|Any CPU.Build.0 = Release|Any CPU
		{41EC8284-33D1-4F94-A875-0A3D8BF6A0D5}.Debug|Any CPU.ActiveCfg = Debug|Any CPU
		{41EC8284-33D1-4F94-A875-0A3D8BF6A0D5}.Debug|Any CPU.Build.0 = Debug|Any CPU
		{41EC8284-33D1-4F94-A875-0A3D8BF6A0D5}.Release|Any CPU.ActiveCfg = Release|Any CPU
		{41EC8284-33D1-4F94-A875-0A3D8BF6A0D5}.Release|Any CPU.Build.0 = Release|Any CPU
		{A11CB162-E435-4187-93DE-DA157ABB9004}.Debug|Any CPU.ActiveCfg = Debug|Any CPU
		{A11CB162-E435-4187-93DE-DA157ABB9004}.Debug|Any CPU.Build.0 = Debug|Any CPU
		{A11CB162-E435-4187-93DE-DA157ABB9004}.Release|Any CPU.ActiveCfg = Release|Any CPU
		{A11CB162-E435-4187-93DE-DA157ABB9004}.Release|Any CPU.Build.0 = Release|Any CPU
		{C5F155B5-F3F5-4CE8-ABC3-B70BCA186FA7}.Debug|Any CPU.ActiveCfg = Debug|Any CPU
		{C5F155B5-F3F5-4CE8-ABC3-B70BCA186FA7}.Debug|Any CPU.Build.0 = Debug|Any CPU
		{C5F155B5-F3F5-4CE8-ABC3-B70BCA186FA7}.Release|Any CPU.ActiveCfg = Release|Any CPU
		{C5F155B5-F3F5-4CE8-ABC3-B70BCA186FA7}.Release|Any CPU.Build.0 = Release|Any CPU
		{30665A0E-BB00-4325-9F9B-BB3C976DECDA}.Debug|Any CPU.ActiveCfg = Debug|Any CPU
		{30665A0E-BB00-4325-9F9B-BB3C976DECDA}.Debug|Any CPU.Build.0 = Debug|Any CPU
		{30665A0E-BB00-4325-9F9B-BB3C976DECDA}.Release|Any CPU.ActiveCfg = Release|Any CPU
		{30665A0E-BB00-4325-9F9B-BB3C976DECDA}.Release|Any CPU.Build.0 = Release|Any CPU
		{15793535-9BCA-438B-851B-754E092C8ACE}.Debug|Any CPU.ActiveCfg = Debug|Any CPU
		{15793535-9BCA-438B-851B-754E092C8ACE}.Debug|Any CPU.Build.0 = Debug|Any CPU
		{15793535-9BCA-438B-851B-754E092C8ACE}.Release|Any CPU.ActiveCfg = Release|Any CPU
		{15793535-9BCA-438B-851B-754E092C8ACE}.Release|Any CPU.Build.0 = Release|Any CPU
		{221EB4BF-4CCC-4A97-94D6-C4B2D5FD03C3}.Debug|Any CPU.ActiveCfg = Debug|Any CPU
		{221EB4BF-4CCC-4A97-94D6-C4B2D5FD03C3}.Debug|Any CPU.Build.0 = Debug|Any CPU
		{221EB4BF-4CCC-4A97-94D6-C4B2D5FD03C3}.Release|Any CPU.ActiveCfg = Release|Any CPU
		{221EB4BF-4CCC-4A97-94D6-C4B2D5FD03C3}.Release|Any CPU.Build.0 = Release|Any CPU
		{C8FA8F3C-168E-4F7D-AF77-FDBA5F317A29}.Debug|Any CPU.ActiveCfg = Debug|Any CPU
		{C8FA8F3C-168E-4F7D-AF77-FDBA5F317A29}.Debug|Any CPU.Build.0 = Debug|Any CPU
		{C8FA8F3C-168E-4F7D-AF77-FDBA5F317A29}.Release|Any CPU.ActiveCfg = Release|Any CPU
		{C8FA8F3C-168E-4F7D-AF77-FDBA5F317A29}.Release|Any CPU.Build.0 = Release|Any CPU
	EndGlobalSection
	GlobalSection(SolutionProperties) = preSolution
		HideSolutionNode = FALSE
	EndGlobalSection
	GlobalSection(ExtensibilityGlobals) = postSolution
		SolutionGuid = {6F56EC7F-B076-4332-9122-035815A1A033}
	EndGlobalSection
EndGlobal
