
Microsoft Visual Studio Solution File, Format Version 12.00
# Visual Studio Version 17
VisualStudioVersion = 17.2.32630.192
MinimumVisualStudioVersion = 10.0.40219.1
Project("{9A19103F-16F7-4668-BE54-9A1E7A4F7556}") = "R5T.L0066.Q000", "R5T.L0066.Q000\R5T.L0066.Q000.csproj", "{871EC327-585A-47DA-AB33-3860E30C0D7A}"
EndProject
Project("{9A19103F-16F7-4668-BE54-9A1E7A4F7556}") = "R5T.L0066", "R5T.L0066\R5T.L0066.csproj", "{6114AABD-8CC4-4535-838F-C07B13DD48D3}"
EndProject
Project("{2150E333-8FDC-42A3-9474-1A3956D46DE8}") = "_Dependencies", "_Dependencies", "{97089B0E-A692-439F-BC5C-FAEADEA4F435}"
EndProject
Project("{9A19103F-16F7-4668-BE54-9A1E7A4F7556}") = "R5T.T0131", "..\..\R5T.T0131\source\R5T.T0131\R5T.T0131.csproj", "{D28F05FA-222F-4999-8344-8346239086B6}"
EndProject
Project("{9A19103F-16F7-4668-BE54-9A1E7A4F7556}") = "R5T.T0132", "..\..\R5T.T0132\source\R5T.T0132\R5T.T0132.csproj", "{7D2B57F0-D357-438E-A887-38C152421A63}"
EndProject
Project("{9A19103F-16F7-4668-BE54-9A1E7A4F7556}") = "R5T.T0142", "..\..\R5T.T0142\source\R5T.T0142\R5T.T0142.csproj", "{509D4090-2E26-45E4-987E-AB9A4BABC638}"
EndProject
Project("{9A19103F-16F7-4668-BE54-9A1E7A4F7556}") = "R5T.T0143", "..\..\R5T.T0143\source\R5T.T0143\R5T.T0143.csproj", "{C3FDFD60-613E-422C-A9FC-42D272EF80E2}"
EndProject
Project("{9A19103F-16F7-4668-BE54-9A1E7A4F7556}") = "R5T.T0156", "..\..\R5T.T0156\source\R5T.T0156\R5T.T0156.csproj", "{2E3D730E-8E38-44AA-81F8-7330A57DD856}"
EndProject
Project("{9A19103F-16F7-4668-BE54-9A1E7A4F7556}") = "R5T.Y0006", "..\..\R5T.Y0006\source\R5T.Y0006\R5T.Y0006.csproj", "{A12A7B11-5AC9-448D-BD0C-13D2EC39612E}"
EndProject
Project("{9A19103F-16F7-4668-BE54-9A1E7A4F7556}") = "R5T.T0141", "..\..\R5T.T0141\source\R5T.T0141\R5T.T0141.csproj", "{2B44DBFB-4611-490B-9A71-F1293DF62133}"
EndProject
Global
	GlobalSection(NestedProjects) = preSolution
		{D28F05FA-222F-4999-8344-8346239086B6} = {97089B0E-A692-439F-BC5C-FAEADEA4F435}
		{7D2B57F0-D357-438E-A887-38C152421A63} = {97089B0E-A692-439F-BC5C-FAEADEA4F435}
		{509D4090-2E26-45E4-987E-AB9A4BABC638} = {97089B0E-A692-439F-BC5C-FAEADEA4F435}
		{C3FDFD60-613E-422C-A9FC-42D272EF80E2} = {97089B0E-A692-439F-BC5C-FAEADEA4F435}
		{2E3D730E-8E38-44AA-81F8-7330A57DD856} = {97089B0E-A692-439F-BC5C-FAEADEA4F435}
		{A12A7B11-5AC9-448D-BD0C-13D2EC39612E} = {97089B0E-A692-439F-BC5C-FAEADEA4F435}
		{2B44DBFB-4611-490B-9A71-F1293DF62133} = {97089B0E-A692-439F-BC5C-FAEADEA4F435}
	EndGlobalSection
	GlobalSection(SolutionConfigurationPlatforms) = preSolution
		Debug|Any CPU = Debug|Any CPU
		Release|Any CPU = Release|Any CPU
	EndGlobalSection
	GlobalSection(ProjectConfigurationPlatforms) = postSolution
		{6114AABD-8CC4-4535-838F-C07B13DD48D3}.Debug|Any CPU.ActiveCfg = Debug|Any CPU
		{6114AABD-8CC4-4535-838F-C07B13DD48D3}.Debug|Any CPU.Build.0 = Debug|Any CPU
		{6114AABD-8CC4-4535-838F-C07B13DD48D3}.Release|Any CPU.ActiveCfg = Release|Any CPU
		{6114AABD-8CC4-4535-838F-C07B13DD48D3}.Release|Any CPU.Build.0 = Release|Any CPU
		{D28F05FA-222F-4999-8344-8346239086B6}.Debug|Any CPU.ActiveCfg = Debug|Any CPU
		{D28F05FA-222F-4999-8344-8346239086B6}.Debug|Any CPU.Build.0 = Debug|Any CPU
		{D28F05FA-222F-4999-8344-8346239086B6}.Release|Any CPU.ActiveCfg = Release|Any CPU
		{D28F05FA-222F-4999-8344-8346239086B6}.Release|Any CPU.Build.0 = Release|Any CPU
		{7D2B57F0-D357-438E-A887-38C152421A63}.Debug|Any CPU.ActiveCfg = Debug|Any CPU
		{7D2B57F0-D357-438E-A887-38C152421A63}.Debug|Any CPU.Build.0 = Debug|Any CPU
		{7D2B57F0-D357-438E-A887-38C152421A63}.Release|Any CPU.ActiveCfg = Release|Any CPU
		{7D2B57F0-D357-438E-A887-38C152421A63}.Release|Any CPU.Build.0 = Release|Any CPU
		{509D4090-2E26-45E4-987E-AB9A4BABC638}.Debug|Any CPU.ActiveCfg = Debug|Any CPU
		{509D4090-2E26-45E4-987E-AB9A4BABC638}.Debug|Any CPU.Build.0 = Debug|Any CPU
		{509D4090-2E26-45E4-987E-AB9A4BABC638}.Release|Any CPU.ActiveCfg = Release|Any CPU
		{509D4090-2E26-45E4-987E-AB9A4BABC638}.Release|Any CPU.Build.0 = Release|Any CPU
		{C3FDFD60-613E-422C-A9FC-42D272EF80E2}.Debug|Any CPU.ActiveCfg = Debug|Any CPU
		{C3FDFD60-613E-422C-A9FC-42D272EF80E2}.Debug|Any CPU.Build.0 = Debug|Any CPU
		{C3FDFD60-613E-422C-A9FC-42D272EF80E2}.Release|Any CPU.ActiveCfg = Release|Any CPU
		{C3FDFD60-613E-422C-A9FC-42D272EF80E2}.Release|Any CPU.Build.0 = Release|Any CPU
		{2E3D730E-8E38-44AA-81F8-7330A57DD856}.Debug|Any CPU.ActiveCfg = Debug|Any CPU
		{2E3D730E-8E38-44AA-81F8-7330A57DD856}.Debug|Any CPU.Build.0 = Debug|Any CPU
		{2E3D730E-8E38-44AA-81F8-7330A57DD856}.Release|Any CPU.ActiveCfg = Release|Any CPU
		{2E3D730E-8E38-44AA-81F8-7330A57DD856}.Release|Any CPU.Build.0 = Release|Any CPU
		{A12A7B11-5AC9-448D-BD0C-13D2EC39612E}.Debug|Any CPU.ActiveCfg = Debug|Any CPU
		{A12A7B11-5AC9-448D-BD0C-13D2EC39612E}.Debug|Any CPU.Build.0 = Debug|Any CPU
		{A12A7B11-5AC9-448D-BD0C-13D2EC39612E}.Release|Any CPU.ActiveCfg = Release|Any CPU
		{A12A7B11-5AC9-448D-BD0C-13D2EC39612E}.Release|Any CPU.Build.0 = Release|Any CPU
		{871EC327-585A-47DA-AB33-3860E30C0D7A}.Debug|Any CPU.ActiveCfg = Debug|Any CPU
		{871EC327-585A-47DA-AB33-3860E30C0D7A}.Debug|Any CPU.Build.0 = Debug|Any CPU
		{871EC327-585A-47DA-AB33-3860E30C0D7A}.Release|Any CPU.ActiveCfg = Release|Any CPU
		{871EC327-585A-47DA-AB33-3860E30C0D7A}.Release|Any CPU.Build.0 = Release|Any CPU
		{2B44DBFB-4611-490B-9A71-F1293DF62133}.Debug|Any CPU.ActiveCfg = Debug|Any CPU
		{2B44DBFB-4611-490B-9A71-F1293DF62133}.Debug|Any CPU.Build.0 = Debug|Any CPU
		{2B44DBFB-4611-490B-9A71-F1293DF62133}.Release|Any CPU.ActiveCfg = Release|Any CPU
		{2B44DBFB-4611-490B-9A71-F1293DF62133}.Release|Any CPU.Build.0 = Release|Any CPU
	EndGlobalSection
	GlobalSection(SolutionProperties) = preSolution
		HideSolutionNode = FALSE
	EndGlobalSection
	GlobalSection(ExtensibilityGlobals) = postSolution
		SolutionGuid = {6F56EC7F-B076-4332-9122-035815A1A033}
	EndGlobalSection
EndGlobal
